// !$*UTF8*$!
{
	archiveVersion = 1;
	classes = {
	};
	objectVersion = 56;
	objects = {

/* Begin PBXBuildFile section */
		2615BA262A2CC9B500649D61 /* AppDelegate.swift in Sources */ = {isa = PBXBuildFile; fileRef = 2615BA252A2CC9B500649D61 /* AppDelegate.swift */; };
		2615BA2F2A2CC9B700649D61 /* Assets.xcassets in Resources */ = {isa = PBXBuildFile; fileRef = 2615BA2E2A2CC9B700649D61 /* Assets.xcassets */; };
		2615BA322A2CC9B700649D61 /* LaunchScreen.storyboard in Resources */ = {isa = PBXBuildFile; fileRef = 2615BA302A2CC9B700649D61 /* LaunchScreen.storyboard */; };
		2615BA452A2CF1B600649D61 /* TestViewController.swift in Sources */ = {isa = PBXBuildFile; fileRef = 2615BA442A2CF1B600649D61 /* TestViewController.swift */; };
		2615BA502A2CF4C200649D61 /* SIL Open Font License.txt in Resources */ = {isa = PBXBuildFile; fileRef = 2615BA462A2CF4C100649D61 /* SIL Open Font License.txt */; };
		2615BA512A2CF4C200649D61 /* Montserrat-Regular.otf in Resources */ = {isa = PBXBuildFile; fileRef = 2615BA472A2CF4C100649D61 /* Montserrat-Regular.otf */; };
		2615BA522A2CF4C200649D61 /* Montserrat-Bold.otf in Resources */ = {isa = PBXBuildFile; fileRef = 2615BA482A2CF4C100649D61 /* Montserrat-Bold.otf */; };
		2615BA532A2CF4C200649D61 /* Montserrat-ExtraBold.otf in Resources */ = {isa = PBXBuildFile; fileRef = 2615BA492A2CF4C100649D61 /* Montserrat-ExtraBold.otf */; };
		2615BA542A2CF4C200649D61 /* Montserrat-Black.otf in Resources */ = {isa = PBXBuildFile; fileRef = 2615BA4A2A2CF4C100649D61 /* Montserrat-Black.otf */; };
		2615BA552A2CF4C200649D61 /* Montserrat-ExtraLight.otf in Resources */ = {isa = PBXBuildFile; fileRef = 2615BA4B2A2CF4C100649D61 /* Montserrat-ExtraLight.otf */; };
		2615BA562A2CF4C200649D61 /* Montserrat-Light.otf in Resources */ = {isa = PBXBuildFile; fileRef = 2615BA4C2A2CF4C100649D61 /* Montserrat-Light.otf */; };
		2615BA572A2CF4C200649D61 /* Montserrat-Medium.otf in Resources */ = {isa = PBXBuildFile; fileRef = 2615BA4D2A2CF4C200649D61 /* Montserrat-Medium.otf */; };
		2615BA582A2CF4C200649D61 /* Montserrat-SemiBold.otf in Resources */ = {isa = PBXBuildFile; fileRef = 2615BA4E2A2CF4C200649D61 /* Montserrat-SemiBold.otf */; };
		2615BA592A2CF4C200649D61 /* Montserrat-Thin.otf in Resources */ = {isa = PBXBuildFile; fileRef = 2615BA4F2A2CF4C200649D61 /* Montserrat-Thin.otf */; };
		2615BA5B2A2CF62600649D61 /* UIFont+Montserrat.swift in Sources */ = {isa = PBXBuildFile; fileRef = 2615BA5A2A2CF62600649D61 /* UIFont+Montserrat.swift */; };
		2615BA5D2A2CFA4D00649D61 /* AppFont.swift in Sources */ = {isa = PBXBuildFile; fileRef = 2615BA5C2A2CFA4D00649D61 /* AppFont.swift */; };
		2615BA5F2A2CFE4F00649D61 /* AppString.swift in Sources */ = {isa = PBXBuildFile; fileRef = 2615BA5E2A2CFE4F00649D61 /* AppString.swift */; };
		2615BA612A2CFEFD00649D61 /* AppColor.swift in Sources */ = {isa = PBXBuildFile; fileRef = 2615BA602A2CFEFD00649D61 /* AppColor.swift */; };
		2615BA632A2D037A00649D61 /* AppInfo.swift in Sources */ = {isa = PBXBuildFile; fileRef = 2615BA622A2D037A00649D61 /* AppInfo.swift */; };
		2615BA652A2D08AF00649D61 /* AppLog.swift in Sources */ = {isa = PBXBuildFile; fileRef = 2615BA642A2D08AF00649D61 /* AppLog.swift */; };
		2615BA672A2D09C900649D61 /* Date+ISO8601.swift in Sources */ = {isa = PBXBuildFile; fileRef = 2615BA662A2D09C900649D61 /* Date+ISO8601.swift */; };
		2615BA6B2A2D0CA400649D61 /* WelcomeViewController.swift in Sources */ = {isa = PBXBuildFile; fileRef = 2615BA6A2A2D0CA400649D61 /* WelcomeViewController.swift */; };
		2615BA6D2A2D121200649D61 /* String+Localized.swift in Sources */ = {isa = PBXBuildFile; fileRef = 2615BA6C2A2D121200649D61 /* String+Localized.swift */; };
		2615BA712A2D12DA00649D61 /* Localizable.strings in Resources */ = {isa = PBXBuildFile; fileRef = 2615BA732A2D12DA00649D61 /* Localizable.strings */; };
		2657ED132A34E42000B14A18 /* NSError+Message.swift in Sources */ = {isa = PBXBuildFile; fileRef = 2657ED122A34E42000B14A18 /* NSError+Message.swift */; };
		26813B172A2DF04500746C74 /* AppLayout.swift in Sources */ = {isa = PBXBuildFile; fileRef = 26813B162A2DF04500746C74 /* AppLayout.swift */; };
		2684B09A2A347B690023BD20 /* VacancyOfferViewModel.swift in Sources */ = {isa = PBXBuildFile; fileRef = 2684B0992A347B690023BD20 /* VacancyOfferViewModel.swift */; };
		2684B09C2A347B890023BD20 /* VacancyOfferViewCell.swift in Sources */ = {isa = PBXBuildFile; fileRef = 2684B09B2A347B890023BD20 /* VacancyOfferViewCell.swift */; };
		2684B09E2A3481E50023BD20 /* Date+String.swift in Sources */ = {isa = PBXBuildFile; fileRef = 2684B09D2A3481E50023BD20 /* Date+String.swift */; };
		268B72162A2FA1D1000A177F /* VacancyOffersViewController.swift in Sources */ = {isa = PBXBuildFile; fileRef = 268B72152A2FA1D1000A177F /* VacancyOffersViewController.swift */; };
		268B72182A2FA1ED000A177F /* VacancyDetailsViewController.swift in Sources */ = {isa = PBXBuildFile; fileRef = 268B72172A2FA1ED000A177F /* VacancyDetailsViewController.swift */; };
		268B721A2A2FA204000A177F /* VacancyFilterViewController.swift in Sources */ = {isa = PBXBuildFile; fileRef = 268B72192A2FA204000A177F /* VacancyFilterViewController.swift */; };
		268B721D2A2FA5E8000A177F /* IntrinsicTableView.swift in Sources */ = {isa = PBXBuildFile; fileRef = 268B721C2A2FA5E8000A177F /* IntrinsicTableView.swift */; };
		268B72212A2FB1A7000A177F /* VacancyDetailsViewModel.swift in Sources */ = {isa = PBXBuildFile; fileRef = 268B72202A2FB1A7000A177F /* VacancyDetailsViewModel.swift */; };
		268B72232A2FB200000A177F /* VacancyDetailsContentViewModel.swift in Sources */ = {isa = PBXBuildFile; fileRef = 268B72222A2FB200000A177F /* VacancyDetailsContentViewModel.swift */; };
		268B72252A2FB240000A177F /* VacancyDetailsContentViewCell.swift in Sources */ = {isa = PBXBuildFile; fileRef = 268B72242A2FB240000A177F /* VacancyDetailsContentViewCell.swift */; };
		268B72272A2FB862000A177F /* UIVIew+ReuseIdentifair.swift in Sources */ = {isa = PBXBuildFile; fileRef = 268B72262A2FB862000A177F /* UIVIew+ReuseIdentifair.swift */; };
		268B72292A2FC060000A177F /* VacancySectionHeaderViewModel.swift in Sources */ = {isa = PBXBuildFile; fileRef = 268B72282A2FC060000A177F /* VacancySectionHeaderViewModel.swift */; };
		268B722B2A2FC09D000A177F /* VacancySectionHeaderViewCell.swift in Sources */ = {isa = PBXBuildFile; fileRef = 268B722A2A2FC09D000A177F /* VacancySectionHeaderViewCell.swift */; };
		268B722D2A2FC2FB000A177F /* VacancyDetailComponentViewModel.swift in Sources */ = {isa = PBXBuildFile; fileRef = 268B722C2A2FC2FB000A177F /* VacancyDetailComponentViewModel.swift */; };
		268BF9862A2E294500DD6EC2 /* UIViewController+Alert.swift in Sources */ = {isa = PBXBuildFile; fileRef = 268BF9852A2E294500DD6EC2 /* UIViewController+Alert.swift */; };
		268BF9882A2E311F00DD6EC2 /* UIImage+Attachment.swift in Sources */ = {isa = PBXBuildFile; fileRef = 268BF9872A2E311F00DD6EC2 /* UIImage+Attachment.swift */; };
		268BF98A2A2E5EC600DD6EC2 /* UIView+FirstResponder.swift in Sources */ = {isa = PBXBuildFile; fileRef = 268BF9892A2E5EC600DD6EC2 /* UIView+FirstResponder.swift */; };
		268BF98C2A2E61FF00DD6EC2 /* SecureTextField.swift in Sources */ = {isa = PBXBuildFile; fileRef = 268BF98B2A2E61FF00DD6EC2 /* SecureTextField.swift */; };
		26C165312A2E002400568A78 /* BackgroundView.swift in Sources */ = {isa = PBXBuildFile; fileRef = 26C165302A2E002400568A78 /* BackgroundView.swift */; };
		26C165332A2E0F3E00568A78 /* LoginWithEmailViewController.swift in Sources */ = {isa = PBXBuildFile; fileRef = 26C165322A2E0F3E00568A78 /* LoginWithEmailViewController.swift */; };
		26C165352A2E0F5600568A78 /* ResetPasswordViewController.swift in Sources */ = {isa = PBXBuildFile; fileRef = 26C165342A2E0F5600568A78 /* ResetPasswordViewController.swift */; };
		26C165372A2E0F6B00568A78 /* SignUpRegisterViewController.swift in Sources */ = {isa = PBXBuildFile; fileRef = 26C165362A2E0F6B00568A78 /* SignUpRegisterViewController.swift */; };
		26C165392A2E0F7A00568A78 /* SignUpCompleteViewController.swift in Sources */ = {isa = PBXBuildFile; fileRef = 26C165382A2E0F7A00568A78 /* SignUpCompleteViewController.swift */; };
		26C2CA602A307B8C00BE4C73 /* DashedLineView.swift in Sources */ = {isa = PBXBuildFile; fileRef = 26C2CA5F2A307B8C00BE4C73 /* DashedLineView.swift */; };
		26C2CA632A309ABE00BE4C73 /* VacancyEmployerViewModel.swift in Sources */ = {isa = PBXBuildFile; fileRef = 26C2CA622A309ABE00BE4C73 /* VacancyEmployerViewModel.swift */; };
		26C2CA652A309AD400BE4C73 /* VacancyEmployerViewCell.swift in Sources */ = {isa = PBXBuildFile; fileRef = 26C2CA642A309AD400BE4C73 /* VacancyEmployerViewCell.swift */; };
		26C2CA672A30B26200BE4C73 /* WebImageVIew.swift in Sources */ = {isa = PBXBuildFile; fileRef = 26C2CA662A30B26200BE4C73 /* WebImageVIew.swift */; };
		26C2CA6A2A30C24F00BE4C73 /* UIImage+Thumbnail.swift in Sources */ = {isa = PBXBuildFile; fileRef = 26C2CA692A30C24F00BE4C73 /* UIImage+Thumbnail.swift */; };
		26C2CA6C2A30C44000BE4C73 /* AppManager.swift in Sources */ = {isa = PBXBuildFile; fileRef = 26C2CA6B2A30C44000BE4C73 /* AppManager.swift */; };
		26C2CA6E2A30D3AD00BE4C73 /* VacancyFilterViewModel.swift in Sources */ = {isa = PBXBuildFile; fileRef = 26C2CA6D2A30D3AD00BE4C73 /* VacancyFilterViewModel.swift */; };
		26C2CA792A30E03500BE4C73 /* VacancyFilterStringViewModel.swift in Sources */ = {isa = PBXBuildFile; fileRef = 26C2CA782A30E03500BE4C73 /* VacancyFilterStringViewModel.swift */; };
		26C2CA7B2A30E05600BE4C73 /* VacancyFilterBoolViewModel.swift in Sources */ = {isa = PBXBuildFile; fileRef = 26C2CA7A2A30E05600BE4C73 /* VacancyFilterBoolViewModel.swift */; };
		26C2CA7D2A30E06900BE4C73 /* VacancyFilterEnumViewModel.swift in Sources */ = {isa = PBXBuildFile; fileRef = 26C2CA7C2A30E06900BE4C73 /* VacancyFilterEnumViewModel.swift */; };
		26C2CA7F2A30E07F00BE4C73 /* VacancyFilterNumberViewModel.swift in Sources */ = {isa = PBXBuildFile; fileRef = 26C2CA7E2A30E07F00BE4C73 /* VacancyFilterNumberViewModel.swift */; };
		26C2CA812A30E22900BE4C73 /* VacancyFilterStringViewCell.swift in Sources */ = {isa = PBXBuildFile; fileRef = 26C2CA802A30E22900BE4C73 /* VacancyFilterStringViewCell.swift */; };
		26C2CA862A30EFBE00BE4C73 /* VacancyFilterBoolViewCell.swift in Sources */ = {isa = PBXBuildFile; fileRef = 26C2CA852A30EFBE00BE4C73 /* VacancyFilterBoolViewCell.swift */; };
		26C2CA882A3100A200BE4C73 /* VacancyFilterNumberViewCell.swift in Sources */ = {isa = PBXBuildFile; fileRef = 26C2CA872A3100A200BE4C73 /* VacancyFilterNumberViewCell.swift */; };
		26C2CA8A2A310EEA00BE4C73 /* VacancyFIlterOptionViewModel.swift in Sources */ = {isa = PBXBuildFile; fileRef = 26C2CA892A310EEA00BE4C73 /* VacancyFIlterOptionViewModel.swift */; };
		26C2CA8C2A310F0900BE4C73 /* VacancyFilterOptionViewCell.swift in Sources */ = {isa = PBXBuildFile; fileRef = 26C2CA8B2A310F0900BE4C73 /* VacancyFilterOptionViewCell.swift */; };
		511A1ABDFC41AB896FD099DF /* Pods_YourJob.framework in Frameworks */ = {isa = PBXBuildFile; fileRef = 0C3FF86C71680D0F3566F8D3 /* Pods_YourJob.framework */; };
		5ED4CBB599843B021B98B23B /* awsconfiguration.json in Resources */ = {isa = PBXBuildFile; fileRef = A099A734908F510448767573 /* awsconfiguration.json */; };
		A55E4D362A2D3D1A008CCC2F /* AppImage.swift in Sources */ = {isa = PBXBuildFile; fileRef = A55E4D352A2D3D1A008CCC2F /* AppImage.swift */; };
		F026351306322AAC3B4EB6D2 /* amplifyconfiguration.json in Resources */ = {isa = PBXBuildFile; fileRef = 1E3FA43556384CF64E924C05 /* amplifyconfiguration.json */; };
/* End PBXBuildFile section */

/* Begin PBXFileReference section */
		091E21C13C6DCE0BA571D25C /* Pods-YourJob.release.xcconfig */ = {isa = PBXFileReference; includeInIndex = 1; lastKnownFileType = text.xcconfig; name = "Pods-YourJob.release.xcconfig"; path = "Target Support Files/Pods-YourJob/Pods-YourJob.release.xcconfig"; sourceTree = "<group>"; };
		0C3FF86C71680D0F3566F8D3 /* Pods_YourJob.framework */ = {isa = PBXFileReference; explicitFileType = wrapper.framework; includeInIndex = 0; path = Pods_YourJob.framework; sourceTree = BUILT_PRODUCTS_DIR; };
		1E3FA43556384CF64E924C05 /* amplifyconfiguration.json */ = {isa = PBXFileReference; explicitFileType = text.json; path = amplifyconfiguration.json; sourceTree = "<group>"; };
		2615BA222A2CC9B500649D61 /* YourJob.app */ = {isa = PBXFileReference; explicitFileType = wrapper.application; includeInIndex = 0; path = YourJob.app; sourceTree = BUILT_PRODUCTS_DIR; };
		2615BA252A2CC9B500649D61 /* AppDelegate.swift */ = {isa = PBXFileReference; lastKnownFileType = sourcecode.swift; path = AppDelegate.swift; sourceTree = "<group>"; };
		2615BA2E2A2CC9B700649D61 /* Assets.xcassets */ = {isa = PBXFileReference; lastKnownFileType = folder.assetcatalog; path = Assets.xcassets; sourceTree = "<group>"; };
		2615BA312A2CC9B700649D61 /* Base */ = {isa = PBXFileReference; lastKnownFileType = file.storyboard; name = Base; path = Base.lproj/LaunchScreen.storyboard; sourceTree = "<group>"; };
		2615BA332A2CC9B700649D61 /* Info.plist */ = {isa = PBXFileReference; lastKnownFileType = text.plist.xml; path = Info.plist; sourceTree = "<group>"; };
		2615BA442A2CF1B600649D61 /* TestViewController.swift */ = {isa = PBXFileReference; lastKnownFileType = sourcecode.swift; path = TestViewController.swift; sourceTree = "<group>"; };
		2615BA462A2CF4C100649D61 /* SIL Open Font License.txt */ = {isa = PBXFileReference; fileEncoding = 4; lastKnownFileType = text; path = "SIL Open Font License.txt"; sourceTree = "<group>"; };
		2615BA472A2CF4C100649D61 /* Montserrat-Regular.otf */ = {isa = PBXFileReference; lastKnownFileType = file; path = "Montserrat-Regular.otf"; sourceTree = "<group>"; };
		2615BA482A2CF4C100649D61 /* Montserrat-Bold.otf */ = {isa = PBXFileReference; lastKnownFileType = file; path = "Montserrat-Bold.otf"; sourceTree = "<group>"; };
		2615BA492A2CF4C100649D61 /* Montserrat-ExtraBold.otf */ = {isa = PBXFileReference; lastKnownFileType = file; path = "Montserrat-ExtraBold.otf"; sourceTree = "<group>"; };
		2615BA4A2A2CF4C100649D61 /* Montserrat-Black.otf */ = {isa = PBXFileReference; lastKnownFileType = file; path = "Montserrat-Black.otf"; sourceTree = "<group>"; };
		2615BA4B2A2CF4C100649D61 /* Montserrat-ExtraLight.otf */ = {isa = PBXFileReference; lastKnownFileType = file; path = "Montserrat-ExtraLight.otf"; sourceTree = "<group>"; };
		2615BA4C2A2CF4C100649D61 /* Montserrat-Light.otf */ = {isa = PBXFileReference; lastKnownFileType = file; path = "Montserrat-Light.otf"; sourceTree = "<group>"; };
		2615BA4D2A2CF4C200649D61 /* Montserrat-Medium.otf */ = {isa = PBXFileReference; lastKnownFileType = file; path = "Montserrat-Medium.otf"; sourceTree = "<group>"; };
		2615BA4E2A2CF4C200649D61 /* Montserrat-SemiBold.otf */ = {isa = PBXFileReference; lastKnownFileType = file; path = "Montserrat-SemiBold.otf"; sourceTree = "<group>"; };
		2615BA4F2A2CF4C200649D61 /* Montserrat-Thin.otf */ = {isa = PBXFileReference; lastKnownFileType = file; path = "Montserrat-Thin.otf"; sourceTree = "<group>"; };
		2615BA5A2A2CF62600649D61 /* UIFont+Montserrat.swift */ = {isa = PBXFileReference; lastKnownFileType = sourcecode.swift; path = "UIFont+Montserrat.swift"; sourceTree = "<group>"; };
		2615BA5C2A2CFA4D00649D61 /* AppFont.swift */ = {isa = PBXFileReference; lastKnownFileType = sourcecode.swift; path = AppFont.swift; sourceTree = "<group>"; };
		2615BA5E2A2CFE4F00649D61 /* AppString.swift */ = {isa = PBXFileReference; lastKnownFileType = sourcecode.swift; path = AppString.swift; sourceTree = "<group>"; };
		2615BA602A2CFEFD00649D61 /* AppColor.swift */ = {isa = PBXFileReference; lastKnownFileType = sourcecode.swift; path = AppColor.swift; sourceTree = "<group>"; };
		2615BA622A2D037A00649D61 /* AppInfo.swift */ = {isa = PBXFileReference; lastKnownFileType = sourcecode.swift; path = AppInfo.swift; sourceTree = "<group>"; };
		2615BA642A2D08AF00649D61 /* AppLog.swift */ = {isa = PBXFileReference; lastKnownFileType = sourcecode.swift; path = AppLog.swift; sourceTree = "<group>"; };
		2615BA662A2D09C900649D61 /* Date+ISO8601.swift */ = {isa = PBXFileReference; lastKnownFileType = sourcecode.swift; path = "Date+ISO8601.swift"; sourceTree = "<group>"; };
		2615BA6A2A2D0CA400649D61 /* WelcomeViewController.swift */ = {isa = PBXFileReference; lastKnownFileType = sourcecode.swift; path = WelcomeViewController.swift; sourceTree = "<group>"; };
		2615BA6C2A2D121200649D61 /* String+Localized.swift */ = {isa = PBXFileReference; lastKnownFileType = sourcecode.swift; path = "String+Localized.swift"; sourceTree = "<group>"; };
		2615BA6E2A2D127500649D61 /* uk */ = {isa = PBXFileReference; lastKnownFileType = text.plist.strings; name = uk; path = uk.lproj/LaunchScreen.strings; sourceTree = "<group>"; };
		2615BA722A2D12DA00649D61 /* en */ = {isa = PBXFileReference; lastKnownFileType = text.plist.strings; name = en; path = en.lproj/Localizable.strings; sourceTree = "<group>"; };
		2615BA742A2D12DE00649D61 /* uk */ = {isa = PBXFileReference; lastKnownFileType = text.plist.strings; name = uk; path = uk.lproj/Localizable.strings; sourceTree = "<group>"; };
		2657ED122A34E42000B14A18 /* NSError+Message.swift */ = {isa = PBXFileReference; lastKnownFileType = sourcecode.swift; path = "NSError+Message.swift"; sourceTree = "<group>"; };
		26813B162A2DF04500746C74 /* AppLayout.swift */ = {isa = PBXFileReference; lastKnownFileType = sourcecode.swift; path = AppLayout.swift; sourceTree = "<group>"; };
		2684B0992A347B690023BD20 /* VacancyOfferViewModel.swift */ = {isa = PBXFileReference; lastKnownFileType = sourcecode.swift; path = VacancyOfferViewModel.swift; sourceTree = "<group>"; };
		2684B09B2A347B890023BD20 /* VacancyOfferViewCell.swift */ = {isa = PBXFileReference; lastKnownFileType = sourcecode.swift; path = VacancyOfferViewCell.swift; sourceTree = "<group>"; };
		2684B09D2A3481E50023BD20 /* Date+String.swift */ = {isa = PBXFileReference; lastKnownFileType = sourcecode.swift; path = "Date+String.swift"; sourceTree = "<group>"; };
		268B72152A2FA1D1000A177F /* VacancyOffersViewController.swift */ = {isa = PBXFileReference; lastKnownFileType = sourcecode.swift; path = VacancyOffersViewController.swift; sourceTree = "<group>"; };
		268B72172A2FA1ED000A177F /* VacancyDetailsViewController.swift */ = {isa = PBXFileReference; lastKnownFileType = sourcecode.swift; path = VacancyDetailsViewController.swift; sourceTree = "<group>"; };
		268B72192A2FA204000A177F /* VacancyFilterViewController.swift */ = {isa = PBXFileReference; lastKnownFileType = sourcecode.swift; path = VacancyFilterViewController.swift; sourceTree = "<group>"; };
		268B721C2A2FA5E8000A177F /* IntrinsicTableView.swift */ = {isa = PBXFileReference; lastKnownFileType = sourcecode.swift; path = IntrinsicTableView.swift; sourceTree = "<group>"; };
		268B72202A2FB1A7000A177F /* VacancyDetailsViewModel.swift */ = {isa = PBXFileReference; lastKnownFileType = sourcecode.swift; path = VacancyDetailsViewModel.swift; sourceTree = "<group>"; };
		268B72222A2FB200000A177F /* VacancyDetailsContentViewModel.swift */ = {isa = PBXFileReference; lastKnownFileType = sourcecode.swift; path = VacancyDetailsContentViewModel.swift; sourceTree = "<group>"; };
		268B72242A2FB240000A177F /* VacancyDetailsContentViewCell.swift */ = {isa = PBXFileReference; lastKnownFileType = sourcecode.swift; path = VacancyDetailsContentViewCell.swift; sourceTree = "<group>"; };
		268B72262A2FB862000A177F /* UIVIew+ReuseIdentifair.swift */ = {isa = PBXFileReference; lastKnownFileType = sourcecode.swift; path = "UIVIew+ReuseIdentifair.swift"; sourceTree = "<group>"; };
		268B72282A2FC060000A177F /* VacancySectionHeaderViewModel.swift */ = {isa = PBXFileReference; lastKnownFileType = sourcecode.swift; path = VacancySectionHeaderViewModel.swift; sourceTree = "<group>"; };
		268B722A2A2FC09D000A177F /* VacancySectionHeaderViewCell.swift */ = {isa = PBXFileReference; lastKnownFileType = sourcecode.swift; path = VacancySectionHeaderViewCell.swift; sourceTree = "<group>"; };
		268B722C2A2FC2FB000A177F /* VacancyDetailComponentViewModel.swift */ = {isa = PBXFileReference; lastKnownFileType = sourcecode.swift; path = VacancyDetailComponentViewModel.swift; sourceTree = "<group>"; };
		268BF9852A2E294500DD6EC2 /* UIViewController+Alert.swift */ = {isa = PBXFileReference; lastKnownFileType = sourcecode.swift; path = "UIViewController+Alert.swift"; sourceTree = "<group>"; };
		268BF9872A2E311F00DD6EC2 /* UIImage+Attachment.swift */ = {isa = PBXFileReference; lastKnownFileType = sourcecode.swift; path = "UIImage+Attachment.swift"; sourceTree = "<group>"; };
		268BF9892A2E5EC600DD6EC2 /* UIView+FirstResponder.swift */ = {isa = PBXFileReference; lastKnownFileType = sourcecode.swift; path = "UIView+FirstResponder.swift"; sourceTree = "<group>"; };
		268BF98B2A2E61FF00DD6EC2 /* SecureTextField.swift */ = {isa = PBXFileReference; lastKnownFileType = sourcecode.swift; path = SecureTextField.swift; sourceTree = "<group>"; };
		26C165302A2E002400568A78 /* BackgroundView.swift */ = {isa = PBXFileReference; lastKnownFileType = sourcecode.swift; path = BackgroundView.swift; sourceTree = "<group>"; };
		26C165322A2E0F3E00568A78 /* LoginWithEmailViewController.swift */ = {isa = PBXFileReference; lastKnownFileType = sourcecode.swift; path = LoginWithEmailViewController.swift; sourceTree = "<group>"; };
		26C165342A2E0F5600568A78 /* ResetPasswordViewController.swift */ = {isa = PBXFileReference; lastKnownFileType = sourcecode.swift; path = ResetPasswordViewController.swift; sourceTree = "<group>"; };
		26C165362A2E0F6B00568A78 /* SignUpRegisterViewController.swift */ = {isa = PBXFileReference; lastKnownFileType = sourcecode.swift; path = SignUpRegisterViewController.swift; sourceTree = "<group>"; };
		26C165382A2E0F7A00568A78 /* SignUpCompleteViewController.swift */ = {isa = PBXFileReference; lastKnownFileType = sourcecode.swift; path = SignUpCompleteViewController.swift; sourceTree = "<group>"; };
		26C2CA5F2A307B8C00BE4C73 /* DashedLineView.swift */ = {isa = PBXFileReference; lastKnownFileType = sourcecode.swift; path = DashedLineView.swift; sourceTree = "<group>"; };
		26C2CA622A309ABE00BE4C73 /* VacancyEmployerViewModel.swift */ = {isa = PBXFileReference; lastKnownFileType = sourcecode.swift; path = VacancyEmployerViewModel.swift; sourceTree = "<group>"; };
		26C2CA642A309AD400BE4C73 /* VacancyEmployerViewCell.swift */ = {isa = PBXFileReference; lastKnownFileType = sourcecode.swift; path = VacancyEmployerViewCell.swift; sourceTree = "<group>"; };
		26C2CA662A30B26200BE4C73 /* WebImageVIew.swift */ = {isa = PBXFileReference; lastKnownFileType = sourcecode.swift; path = WebImageVIew.swift; sourceTree = "<group>"; };
		26C2CA692A30C24F00BE4C73 /* UIImage+Thumbnail.swift */ = {isa = PBXFileReference; lastKnownFileType = sourcecode.swift; path = "UIImage+Thumbnail.swift"; sourceTree = "<group>"; };
		26C2CA6B2A30C44000BE4C73 /* AppManager.swift */ = {isa = PBXFileReference; lastKnownFileType = sourcecode.swift; path = AppManager.swift; sourceTree = "<group>"; };
		26C2CA6D2A30D3AD00BE4C73 /* VacancyFilterViewModel.swift */ = {isa = PBXFileReference; lastKnownFileType = sourcecode.swift; path = VacancyFilterViewModel.swift; sourceTree = "<group>"; };
		26C2CA782A30E03500BE4C73 /* VacancyFilterStringViewModel.swift */ = {isa = PBXFileReference; lastKnownFileType = sourcecode.swift; path = VacancyFilterStringViewModel.swift; sourceTree = "<group>"; };
		26C2CA7A2A30E05600BE4C73 /* VacancyFilterBoolViewModel.swift */ = {isa = PBXFileReference; lastKnownFileType = sourcecode.swift; path = VacancyFilterBoolViewModel.swift; sourceTree = "<group>"; };
		26C2CA7C2A30E06900BE4C73 /* VacancyFilterEnumViewModel.swift */ = {isa = PBXFileReference; lastKnownFileType = sourcecode.swift; path = VacancyFilterEnumViewModel.swift; sourceTree = "<group>"; };
		26C2CA7E2A30E07F00BE4C73 /* VacancyFilterNumberViewModel.swift */ = {isa = PBXFileReference; lastKnownFileType = sourcecode.swift; path = VacancyFilterNumberViewModel.swift; sourceTree = "<group>"; };
		26C2CA802A30E22900BE4C73 /* VacancyFilterStringViewCell.swift */ = {isa = PBXFileReference; lastKnownFileType = sourcecode.swift; path = VacancyFilterStringViewCell.swift; sourceTree = "<group>"; };
		26C2CA852A30EFBE00BE4C73 /* VacancyFilterBoolViewCell.swift */ = {isa = PBXFileReference; lastKnownFileType = sourcecode.swift; path = VacancyFilterBoolViewCell.swift; sourceTree = "<group>"; };
		26C2CA872A3100A200BE4C73 /* VacancyFilterNumberViewCell.swift */ = {isa = PBXFileReference; lastKnownFileType = sourcecode.swift; path = VacancyFilterNumberViewCell.swift; sourceTree = "<group>"; };
		26C2CA892A310EEA00BE4C73 /* VacancyFIlterOptionViewModel.swift */ = {isa = PBXFileReference; lastKnownFileType = sourcecode.swift; path = VacancyFIlterOptionViewModel.swift; sourceTree = "<group>"; };
		26C2CA8B2A310F0900BE4C73 /* VacancyFilterOptionViewCell.swift */ = {isa = PBXFileReference; lastKnownFileType = sourcecode.swift; path = VacancyFilterOptionViewCell.swift; sourceTree = "<group>"; };
		73B47B21B645C8FE0510D7BD /* Pods-YourJob.debug.xcconfig */ = {isa = PBXFileReference; includeInIndex = 1; lastKnownFileType = text.xcconfig; name = "Pods-YourJob.debug.xcconfig"; path = "Target Support Files/Pods-YourJob/Pods-YourJob.debug.xcconfig"; sourceTree = "<group>"; };
		A099A734908F510448767573 /* awsconfiguration.json */ = {isa = PBXFileReference; explicitFileType = text.json; path = awsconfiguration.json; sourceTree = "<group>"; };
		A55E4D352A2D3D1A008CCC2F /* AppImage.swift */ = {isa = PBXFileReference; lastKnownFileType = sourcecode.swift; path = AppImage.swift; sourceTree = "<group>"; };
/* End PBXFileReference section */

/* Begin PBXFrameworksBuildPhase section */
		2615BA1F2A2CC9B500649D61 /* Frameworks */ = {
			isa = PBXFrameworksBuildPhase;
			buildActionMask = 2147483647;
			files = (
				511A1ABDFC41AB896FD099DF /* Pods_YourJob.framework in Frameworks */,
			);
			runOnlyForDeploymentPostprocessing = 0;
		};
/* End PBXFrameworksBuildPhase section */

/* Begin PBXGroup section */
		2615BA192A2CC9B500649D61 = {
			isa = PBXGroup;
			children = (
				2615BA242A2CC9B500649D61 /* YourJob */,
				2615BA232A2CC9B500649D61 /* Products */,
				AF267A2B7EA8D1226B00FCBC /* Pods */,
				F9CBD3099C6E1E0B65F77C7B /* Frameworks */,
				D2F3E36FA6BFFBB199D6B18B /* AmplifyConfig */,
			);
			sourceTree = "<group>";
		};
		2615BA232A2CC9B500649D61 /* Products */ = {
			isa = PBXGroup;
			children = (
				2615BA222A2CC9B500649D61 /* YourJob.app */,
			);
			name = Products;
			sourceTree = "<group>";
		};
		2615BA242A2CC9B500649D61 /* YourJob */ = {
			isa = PBXGroup;
			children = (
				2615BA402A2CF0E400649D61 /* Extensions */,
				2615BA412A2CF0F600649D61 /* Components */,
				2615BA3A2A2CF04400649D61 /* Controllers */,
				2615BA392A2CCAAC00649D61 /* Resources */,
				2615BA252A2CC9B500649D61 /* AppDelegate.swift */,
				26C2CA6B2A30C44000BE4C73 /* AppManager.swift */,
				2615BA5E2A2CFE4F00649D61 /* AppString.swift */,
				A55E4D352A2D3D1A008CCC2F /* AppImage.swift */,
				2615BA602A2CFEFD00649D61 /* AppColor.swift */,
				2615BA5C2A2CFA4D00649D61 /* AppFont.swift */,
				2615BA622A2D037A00649D61 /* AppInfo.swift */,
				2615BA642A2D08AF00649D61 /* AppLog.swift */,
				26813B162A2DF04500746C74 /* AppLayout.swift */,
				2615BA332A2CC9B700649D61 /* Info.plist */,
			);
			path = YourJob;
			sourceTree = "<group>";
		};
		2615BA392A2CCAAC00649D61 /* Resources */ = {
			isa = PBXGroup;
			children = (
				2615BA422A2CF15400649D61 /* Fonts */,
				2615BA302A2CC9B700649D61 /* LaunchScreen.storyboard */,
				2615BA2E2A2CC9B700649D61 /* Assets.xcassets */,
				2615BA732A2D12DA00649D61 /* Localizable.strings */,
			);
			path = Resources;
			sourceTree = "<group>";
		};
		2615BA3A2A2CF04400649D61 /* Controllers */ = {
			isa = PBXGroup;
			children = (
				2615BA432A2CF16F00649D61 /* Test */,
				2615BA3B2A2CF04D00649D61 /* Welcome */,
				2615BA3F2A2CF0A000649D61 /* SignUp */,
				2615BA3E2A2CF08C00649D61 /* LogIn */,
				2615BA3C2A2CF05F00649D61 /* Vacancy */,
				2615BA3D2A2CF06900649D61 /* Profile */,
			);
			path = Controllers;
			sourceTree = "<group>";
		};
		2615BA3B2A2CF04D00649D61 /* Welcome */ = {
			isa = PBXGroup;
			children = (
				2615BA6A2A2D0CA400649D61 /* WelcomeViewController.swift */,
			);
			path = Welcome;
			sourceTree = "<group>";
		};
		2615BA3C2A2CF05F00649D61 /* Vacancy */ = {
			isa = PBXGroup;
			children = (
				26C2CA842A30ECEE00BE4C73 /* Section */,
				26C2CA712A30DEC500BE4C73 /* Offers */,
				26C2CA702A30DEBE00BE4C73 /* Filters */,
				26C2CA6F2A30DEB400BE4C73 /* Details */,
			);
			path = Vacancy;
			sourceTree = "<group>";
		};
		2615BA3D2A2CF06900649D61 /* Profile */ = {
			isa = PBXGroup;
			children = (
			);
			path = Profile;
			sourceTree = "<group>";
		};
		2615BA3E2A2CF08C00649D61 /* LogIn */ = {
			isa = PBXGroup;
			children = (
				26C165322A2E0F3E00568A78 /* LoginWithEmailViewController.swift */,
				26C165342A2E0F5600568A78 /* ResetPasswordViewController.swift */,
			);
			path = LogIn;
			sourceTree = "<group>";
		};
		2615BA3F2A2CF0A000649D61 /* SignUp */ = {
			isa = PBXGroup;
			children = (
				26C165362A2E0F6B00568A78 /* SignUpRegisterViewController.swift */,
				26C165382A2E0F7A00568A78 /* SignUpCompleteViewController.swift */,
			);
			path = SignUp;
			sourceTree = "<group>";
		};
		2615BA402A2CF0E400649D61 /* Extensions */ = {
			isa = PBXGroup;
			children = (
				2615BA662A2D09C900649D61 /* Date+ISO8601.swift */,
				2684B09D2A3481E50023BD20 /* Date+String.swift */,
				2615BA6C2A2D121200649D61 /* String+Localized.swift */,
				268BF9852A2E294500DD6EC2 /* UIViewController+Alert.swift */,
				268BF9892A2E5EC600DD6EC2 /* UIView+FirstResponder.swift */,
				268B72262A2FB862000A177F /* UIVIew+ReuseIdentifair.swift */,
				268BF9872A2E311F00DD6EC2 /* UIImage+Attachment.swift */,
				26C2CA692A30C24F00BE4C73 /* UIImage+Thumbnail.swift */,
				2615BA5A2A2CF62600649D61 /* UIFont+Montserrat.swift */,
				2657ED122A34E42000B14A18 /* NSError+Message.swift */,
			);
			path = Extensions;
			sourceTree = "<group>";
		};
		2615BA412A2CF0F600649D61 /* Components */ = {
			isa = PBXGroup;
			children = (
				26C2CA682A30B26E00BE4C73 /* WebImageVIew */,
				26C2CA612A307B9900BE4C73 /* DashedLineView */,
				268B721B2A2FA5AD000A177F /* UITableView */,
				268BF98E2A2E623800DD6EC2 /* SecureTextField */,
				268BF98D2A2E622C00DD6EC2 /* BackgroundView */,
			);
			path = Components;
			sourceTree = "<group>";
		};
		2615BA422A2CF15400649D61 /* Fonts */ = {
			isa = PBXGroup;
			children = (
				2615BA4A2A2CF4C100649D61 /* Montserrat-Black.otf */,
				2615BA482A2CF4C100649D61 /* Montserrat-Bold.otf */,
				2615BA492A2CF4C100649D61 /* Montserrat-ExtraBold.otf */,
				2615BA4B2A2CF4C100649D61 /* Montserrat-ExtraLight.otf */,
				2615BA4C2A2CF4C100649D61 /* Montserrat-Light.otf */,
				2615BA4D2A2CF4C200649D61 /* Montserrat-Medium.otf */,
				2615BA472A2CF4C100649D61 /* Montserrat-Regular.otf */,
				2615BA4E2A2CF4C200649D61 /* Montserrat-SemiBold.otf */,
				2615BA4F2A2CF4C200649D61 /* Montserrat-Thin.otf */,
				2615BA462A2CF4C100649D61 /* SIL Open Font License.txt */,
			);
			path = Fonts;
			sourceTree = "<group>";
		};
		2615BA432A2CF16F00649D61 /* Test */ = {
			isa = PBXGroup;
			children = (
				2615BA442A2CF1B600649D61 /* TestViewController.swift */,
			);
			path = Test;
			sourceTree = "<group>";
		};
		268B721B2A2FA5AD000A177F /* UITableView */ = {
			isa = PBXGroup;
			children = (
				268B721C2A2FA5E8000A177F /* IntrinsicTableView.swift */,
			);
			path = UITableView;
			sourceTree = "<group>";
		};
		268BF98D2A2E622C00DD6EC2 /* BackgroundView */ = {
			isa = PBXGroup;
			children = (
				26C165302A2E002400568A78 /* BackgroundView.swift */,
			);
			path = BackgroundView;
			sourceTree = "<group>";
		};
		268BF98E2A2E623800DD6EC2 /* SecureTextField */ = {
			isa = PBXGroup;
			children = (
				268BF98B2A2E61FF00DD6EC2 /* SecureTextField.swift */,
			);
			path = SecureTextField;
			sourceTree = "<group>";
		};
		26C2CA612A307B9900BE4C73 /* DashedLineView */ = {
			isa = PBXGroup;
			children = (
				26C2CA5F2A307B8C00BE4C73 /* DashedLineView.swift */,
			);
			path = DashedLineView;
			sourceTree = "<group>";
		};
		26C2CA682A30B26E00BE4C73 /* WebImageVIew */ = {
			isa = PBXGroup;
			children = (
				26C2CA662A30B26200BE4C73 /* WebImageVIew.swift */,
			);
			path = WebImageVIew;
			sourceTree = "<group>";
		};
		26C2CA6F2A30DEB400BE4C73 /* Details */ = {
			isa = PBXGroup;
			children = (
				26C2CA722A30DED800BE4C73 /* Views */,
				26C2CA732A30DEE300BE4C73 /* Models */,
				268B72172A2FA1ED000A177F /* VacancyDetailsViewController.swift */,
			);
			path = Details;
			sourceTree = "<group>";
		};
		26C2CA702A30DEBE00BE4C73 /* Filters */ = {
			isa = PBXGroup;
			children = (
				26C2CA752A30DF3400BE4C73 /* Models */,
				26C2CA742A30DF2D00BE4C73 /* Views */,
				268B72192A2FA204000A177F /* VacancyFilterViewController.swift */,
			);
			path = Filters;
			sourceTree = "<group>";
		};
		26C2CA712A30DEC500BE4C73 /* Offers */ = {
			isa = PBXGroup;
			children = (
				26C2CA772A30DF5D00BE4C73 /* Models */,
				26C2CA762A30DF5600BE4C73 /* Views */,
				268B72152A2FA1D1000A177F /* VacancyOffersViewController.swift */,
			);
			path = Offers;
			sourceTree = "<group>";
		};
		26C2CA722A30DED800BE4C73 /* Views */ = {
			isa = PBXGroup;
			children = (
				268B72242A2FB240000A177F /* VacancyDetailsContentViewCell.swift */,
				26C2CA642A309AD400BE4C73 /* VacancyEmployerViewCell.swift */,
			);
			path = Views;
			sourceTree = "<group>";
		};
		26C2CA732A30DEE300BE4C73 /* Models */ = {
			isa = PBXGroup;
			children = (
				268B72202A2FB1A7000A177F /* VacancyDetailsViewModel.swift */,
				268B72222A2FB200000A177F /* VacancyDetailsContentViewModel.swift */,
				268B722C2A2FC2FB000A177F /* VacancyDetailComponentViewModel.swift */,
				26C2CA622A309ABE00BE4C73 /* VacancyEmployerViewModel.swift */,
			);
			path = Models;
			sourceTree = "<group>";
		};
		26C2CA742A30DF2D00BE4C73 /* Views */ = {
			isa = PBXGroup;
			children = (
				26C2CA802A30E22900BE4C73 /* VacancyFilterStringViewCell.swift */,
				26C2CA852A30EFBE00BE4C73 /* VacancyFilterBoolViewCell.swift */,
				26C2CA872A3100A200BE4C73 /* VacancyFilterNumberViewCell.swift */,
				26C2CA8B2A310F0900BE4C73 /* VacancyFilterOptionViewCell.swift */,
			);
			path = Views;
			sourceTree = "<group>";
		};
		26C2CA752A30DF3400BE4C73 /* Models */ = {
			isa = PBXGroup;
			children = (
				26C2CA6D2A30D3AD00BE4C73 /* VacancyFilterViewModel.swift */,
				26C2CA782A30E03500BE4C73 /* VacancyFilterStringViewModel.swift */,
				26C2CA7A2A30E05600BE4C73 /* VacancyFilterBoolViewModel.swift */,
				26C2CA7C2A30E06900BE4C73 /* VacancyFilterEnumViewModel.swift */,
				26C2CA7E2A30E07F00BE4C73 /* VacancyFilterNumberViewModel.swift */,
				26C2CA892A310EEA00BE4C73 /* VacancyFIlterOptionViewModel.swift */,
			);
			path = Models;
			sourceTree = "<group>";
		};
		26C2CA762A30DF5600BE4C73 /* Views */ = {
			isa = PBXGroup;
			children = (
				2684B09B2A347B890023BD20 /* VacancyOfferViewCell.swift */,
			);
			path = Views;
			sourceTree = "<group>";
		};
		26C2CA772A30DF5D00BE4C73 /* Models */ = {
			isa = PBXGroup;
			children = (
				2684B0992A347B690023BD20 /* VacancyOfferViewModel.swift */,
			);
			path = Models;
			sourceTree = "<group>";
		};
		26C2CA822A30ECBD00BE4C73 /* Views */ = {
			isa = PBXGroup;
			children = (
				268B722A2A2FC09D000A177F /* VacancySectionHeaderViewCell.swift */,
			);
			path = Views;
			sourceTree = "<group>";
		};
		26C2CA832A30ECC700BE4C73 /* Models */ = {
			isa = PBXGroup;
			children = (
				268B72282A2FC060000A177F /* VacancySectionHeaderViewModel.swift */,
			);
			path = Models;
			sourceTree = "<group>";
		};
		26C2CA842A30ECEE00BE4C73 /* Section */ = {
			isa = PBXGroup;
			children = (
				26C2CA822A30ECBD00BE4C73 /* Views */,
				26C2CA832A30ECC700BE4C73 /* Models */,
			);
			path = Section;
			sourceTree = "<group>";
		};
		AF267A2B7EA8D1226B00FCBC /* Pods */ = {
			isa = PBXGroup;
			children = (
				73B47B21B645C8FE0510D7BD /* Pods-YourJob.debug.xcconfig */,
				091E21C13C6DCE0BA571D25C /* Pods-YourJob.release.xcconfig */,
			);
			path = Pods;
			sourceTree = "<group>";
		};
		D2F3E36FA6BFFBB199D6B18B /* AmplifyConfig */ = {
			isa = PBXGroup;
			children = (
				A099A734908F510448767573 /* awsconfiguration.json */,
				1E3FA43556384CF64E924C05 /* amplifyconfiguration.json */,
			);
			name = AmplifyConfig;
			sourceTree = "<group>";
		};
		F9CBD3099C6E1E0B65F77C7B /* Frameworks */ = {
			isa = PBXGroup;
			children = (
				0C3FF86C71680D0F3566F8D3 /* Pods_YourJob.framework */,
			);
			name = Frameworks;
			sourceTree = "<group>";
		};
/* End PBXGroup section */

/* Begin PBXNativeTarget section */
		2615BA212A2CC9B500649D61 /* YourJob */ = {
			isa = PBXNativeTarget;
			buildConfigurationList = 2615BA362A2CC9B700649D61 /* Build configuration list for PBXNativeTarget "YourJob" */;
			buildPhases = (
				D9B8DF77FE56CCD0A802E17C /* [CP] Check Pods Manifest.lock */,
				2615BA1E2A2CC9B500649D61 /* Sources */,
				2615BA1F2A2CC9B500649D61 /* Frameworks */,
				2615BA202A2CC9B500649D61 /* Resources */,
				A812FCC0734516D91C36EFCE /* [CP] Embed Pods Frameworks */,
			);
			buildRules = (
			);
			dependencies = (
			);
			name = YourJob;
			productName = YourJob;
			productReference = 2615BA222A2CC9B500649D61 /* YourJob.app */;
			productType = "com.apple.product-type.application";
		};
/* End PBXNativeTarget section */

/* Begin PBXProject section */
		2615BA1A2A2CC9B500649D61 /* Project object */ = {
			isa = PBXProject;
			attributes = {
				BuildIndependentTargetsInParallel = 1;
				LastSwiftUpdateCheck = 1430;
				LastUpgradeCheck = 1430;
				ORGANIZATIONNAME = Home;
				TargetAttributes = {
					2615BA212A2CC9B500649D61 = {
						CreatedOnToolsVersion = 14.3;
					};
				};
			};
			buildConfigurationList = 2615BA1D2A2CC9B500649D61 /* Build configuration list for PBXProject "YourJob" */;
			compatibilityVersion = "Xcode 14.0";
			developmentRegion = en;
			hasScannedForEncodings = 0;
			knownRegions = (
				en,
				Base,
				uk,
			);
			mainGroup = 2615BA192A2CC9B500649D61;
			productRefGroup = 2615BA232A2CC9B500649D61 /* Products */;
			projectDirPath = "";
			projectRoot = "";
			targets = (
				2615BA212A2CC9B500649D61 /* YourJob */,
			);
		};
/* End PBXProject section */

/* Begin PBXResourcesBuildPhase section */
		2615BA202A2CC9B500649D61 /* Resources */ = {
			isa = PBXResourcesBuildPhase;
			buildActionMask = 2147483647;
			files = (
				2615BA552A2CF4C200649D61 /* Montserrat-ExtraLight.otf in Resources */,
				2615BA592A2CF4C200649D61 /* Montserrat-Thin.otf in Resources */,
				2615BA572A2CF4C200649D61 /* Montserrat-Medium.otf in Resources */,
				2615BA532A2CF4C200649D61 /* Montserrat-ExtraBold.otf in Resources */,
				2615BA522A2CF4C200649D61 /* Montserrat-Bold.otf in Resources */,
				2615BA502A2CF4C200649D61 /* SIL Open Font License.txt in Resources */,
				2615BA322A2CC9B700649D61 /* LaunchScreen.storyboard in Resources */,
				2615BA2F2A2CC9B700649D61 /* Assets.xcassets in Resources */,
				2615BA582A2CF4C200649D61 /* Montserrat-SemiBold.otf in Resources */,
				2615BA712A2D12DA00649D61 /* Localizable.strings in Resources */,
				2615BA512A2CF4C200649D61 /* Montserrat-Regular.otf in Resources */,
				2615BA542A2CF4C200649D61 /* Montserrat-Black.otf in Resources */,
				2615BA562A2CF4C200649D61 /* Montserrat-Light.otf in Resources */,
				5ED4CBB599843B021B98B23B /* awsconfiguration.json in Resources */,
				F026351306322AAC3B4EB6D2 /* amplifyconfiguration.json in Resources */,
			);
			runOnlyForDeploymentPostprocessing = 0;
		};
/* End PBXResourcesBuildPhase section */

/* Begin PBXShellScriptBuildPhase section */
		A812FCC0734516D91C36EFCE /* [CP] Embed Pods Frameworks */ = {
			isa = PBXShellScriptBuildPhase;
			buildActionMask = 2147483647;
			files = (
			);
			inputFileListPaths = (
				"${PODS_ROOT}/Target Support Files/Pods-YourJob/Pods-YourJob-frameworks-${CONFIGURATION}-input-files.xcfilelist",
			);
			name = "[CP] Embed Pods Frameworks";
			outputFileListPaths = (
				"${PODS_ROOT}/Target Support Files/Pods-YourJob/Pods-YourJob-frameworks-${CONFIGURATION}-output-files.xcfilelist",
			);
			runOnlyForDeploymentPostprocessing = 0;
			shellPath = /bin/sh;
			shellScript = "\"${PODS_ROOT}/Target Support Files/Pods-YourJob/Pods-YourJob-frameworks.sh\"\n";
			showEnvVarsInLog = 0;
		};
		D9B8DF77FE56CCD0A802E17C /* [CP] Check Pods Manifest.lock */ = {
			isa = PBXShellScriptBuildPhase;
			buildActionMask = 2147483647;
			files = (
			);
			inputFileListPaths = (
			);
			inputPaths = (
				"${PODS_PODFILE_DIR_PATH}/Podfile.lock",
				"${PODS_ROOT}/Manifest.lock",
			);
			name = "[CP] Check Pods Manifest.lock";
			outputFileListPaths = (
			);
			outputPaths = (
				"$(DERIVED_FILE_DIR)/Pods-YourJob-checkManifestLockResult.txt",
			);
			runOnlyForDeploymentPostprocessing = 0;
			shellPath = /bin/sh;
			shellScript = "diff \"${PODS_PODFILE_DIR_PATH}/Podfile.lock\" \"${PODS_ROOT}/Manifest.lock\" > /dev/null\nif [ $? != 0 ] ; then\n    # print error to STDERR\n    echo \"error: The sandbox is not in sync with the Podfile.lock. Run 'pod install' or update your CocoaPods installation.\" >&2\n    exit 1\nfi\n# This output is used by Xcode 'outputs' to avoid re-running this script phase.\necho \"SUCCESS\" > \"${SCRIPT_OUTPUT_FILE_0}\"\n";
			showEnvVarsInLog = 0;
		};
/* End PBXShellScriptBuildPhase section */

/* Begin PBXSourcesBuildPhase section */
		2615BA1E2A2CC9B500649D61 /* Sources */ = {
			isa = PBXSourcesBuildPhase;
			buildActionMask = 2147483647;
			files = (
				26C2CA792A30E03500BE4C73 /* VacancyFilterStringViewModel.swift in Sources */,
				268BF9882A2E311F00DD6EC2 /* UIImage+Attachment.swift in Sources */,
				2615BA5D2A2CFA4D00649D61 /* AppFont.swift in Sources */,
				2684B09C2A347B890023BD20 /* VacancyOfferViewCell.swift in Sources */,
				26C2CA672A30B26200BE4C73 /* WebImageVIew.swift in Sources */,
				2657ED132A34E42000B14A18 /* NSError+Message.swift in Sources */,
				26C2CA882A3100A200BE4C73 /* VacancyFilterNumberViewCell.swift in Sources */,
				2615BA6B2A2D0CA400649D61 /* WelcomeViewController.swift in Sources */,
				26813B172A2DF04500746C74 /* AppLayout.swift in Sources */,
				26C165352A2E0F5600568A78 /* ResetPasswordViewController.swift in Sources */,
				26C2CA6C2A30C44000BE4C73 /* AppManager.swift in Sources */,
				2684B09A2A347B690023BD20 /* VacancyOfferViewModel.swift in Sources */,
				268BF98A2A2E5EC600DD6EC2 /* UIView+FirstResponder.swift in Sources */,
				2615BA5F2A2CFE4F00649D61 /* AppString.swift in Sources */,
				26C2CA7B2A30E05600BE4C73 /* VacancyFilterBoolViewModel.swift in Sources */,
				268B722B2A2FC09D000A177F /* VacancySectionHeaderViewCell.swift in Sources */,
				26C165372A2E0F6B00568A78 /* SignUpRegisterViewController.swift in Sources */,
				2615BA652A2D08AF00649D61 /* AppLog.swift in Sources */,
				268B721D2A2FA5E8000A177F /* IntrinsicTableView.swift in Sources */,
				2615BA5B2A2CF62600649D61 /* UIFont+Montserrat.swift in Sources */,
				A55E4D362A2D3D1A008CCC2F /* AppImage.swift in Sources */,
				268B72272A2FB862000A177F /* UIVIew+ReuseIdentifair.swift in Sources */,
				26C2CA812A30E22900BE4C73 /* VacancyFilterStringViewCell.swift in Sources */,
				268B72292A2FC060000A177F /* VacancySectionHeaderViewModel.swift in Sources */,
				268B72182A2FA1ED000A177F /* VacancyDetailsViewController.swift in Sources */,
				268B72162A2FA1D1000A177F /* VacancyOffersViewController.swift in Sources */,
				26C2CA652A309AD400BE4C73 /* VacancyEmployerViewCell.swift in Sources */,
				2615BA672A2D09C900649D61 /* Date+ISO8601.swift in Sources */,
				268B721A2A2FA204000A177F /* VacancyFilterViewController.swift in Sources */,
				26C2CA8C2A310F0900BE4C73 /* VacancyFilterOptionViewCell.swift in Sources */,
				26C2CA8A2A310EEA00BE4C73 /* VacancyFIlterOptionViewModel.swift in Sources */,
				26C2CA6E2A30D3AD00BE4C73 /* VacancyFilterViewModel.swift in Sources */,
				26C2CA862A30EFBE00BE4C73 /* VacancyFilterBoolViewCell.swift in Sources */,
				2615BA452A2CF1B600649D61 /* TestViewController.swift in Sources */,
				268B72252A2FB240000A177F /* VacancyDetailsContentViewCell.swift in Sources */,
				268B722D2A2FC2FB000A177F /* VacancyDetailComponentViewModel.swift in Sources */,
				26C2CA632A309ABE00BE4C73 /* VacancyEmployerViewModel.swift in Sources */,
				2615BA262A2CC9B500649D61 /* AppDelegate.swift in Sources */,
				268BF98C2A2E61FF00DD6EC2 /* SecureTextField.swift in Sources */,
				268B72232A2FB200000A177F /* VacancyDetailsContentViewModel.swift in Sources */,
				26C2CA602A307B8C00BE4C73 /* DashedLineView.swift in Sources */,
				26C2CA7F2A30E07F00BE4C73 /* VacancyFilterNumberViewModel.swift in Sources */,
				26C165312A2E002400568A78 /* BackgroundView.swift in Sources */,
				26C2CA6A2A30C24F00BE4C73 /* UIImage+Thumbnail.swift in Sources */,
				268B72212A2FB1A7000A177F /* VacancyDetailsViewModel.swift in Sources */,
				26C2CA7D2A30E06900BE4C73 /* VacancyFilterEnumViewModel.swift in Sources */,
				2615BA612A2CFEFD00649D61 /* AppColor.swift in Sources */,
				2684B09E2A3481E50023BD20 /* Date+String.swift in Sources */,
				26C165332A2E0F3E00568A78 /* LoginWithEmailViewController.swift in Sources */,
				26C165392A2E0F7A00568A78 /* SignUpCompleteViewController.swift in Sources */,
				268BF9862A2E294500DD6EC2 /* UIViewController+Alert.swift in Sources */,
				2615BA6D2A2D121200649D61 /* String+Localized.swift in Sources */,
				2615BA632A2D037A00649D61 /* AppInfo.swift in Sources */,
			);
			runOnlyForDeploymentPostprocessing = 0;
		};
/* End PBXSourcesBuildPhase section */

/* Begin PBXVariantGroup section */
		2615BA302A2CC9B700649D61 /* LaunchScreen.storyboard */ = {
			isa = PBXVariantGroup;
			children = (
				2615BA312A2CC9B700649D61 /* Base */,
				2615BA6E2A2D127500649D61 /* uk */,
			);
			name = LaunchScreen.storyboard;
			sourceTree = "<group>";
		};
		2615BA732A2D12DA00649D61 /* Localizable.strings */ = {
			isa = PBXVariantGroup;
			children = (
				2615BA722A2D12DA00649D61 /* en */,
				2615BA742A2D12DE00649D61 /* uk */,
			);
			name = Localizable.strings;
			sourceTree = "<group>";
		};
/* End PBXVariantGroup section */

/* Begin XCBuildConfiguration section */
		2615BA342A2CC9B700649D61 /* Debug */ = {
			isa = XCBuildConfiguration;
			buildSettings = {
				ALWAYS_SEARCH_USER_PATHS = NO;
				CLANG_ANALYZER_LOCALIZABILITY_NONLOCALIZED = YES;
				CLANG_ANALYZER_NONNULL = YES;
				CLANG_ANALYZER_NUMBER_OBJECT_CONVERSION = YES_AGGRESSIVE;
				CLANG_CXX_LANGUAGE_STANDARD = "gnu++20";
				CLANG_ENABLE_MODULES = YES;
				CLANG_ENABLE_OBJC_ARC = YES;
				CLANG_ENABLE_OBJC_WEAK = YES;
				CLANG_WARN_BLOCK_CAPTURE_AUTORELEASING = YES;
				CLANG_WARN_BOOL_CONVERSION = YES;
				CLANG_WARN_COMMA = YES;
				CLANG_WARN_CONSTANT_CONVERSION = YES;
				CLANG_WARN_DEPRECATED_OBJC_IMPLEMENTATIONS = YES;
				CLANG_WARN_DIRECT_OBJC_ISA_USAGE = YES_ERROR;
				CLANG_WARN_DOCUMENTATION_COMMENTS = YES;
				CLANG_WARN_EMPTY_BODY = YES;
				CLANG_WARN_ENUM_CONVERSION = YES;
				CLANG_WARN_INFINITE_RECURSION = YES;
				CLANG_WARN_INT_CONVERSION = YES;
				CLANG_WARN_NON_LITERAL_NULL_CONVERSION = YES;
				CLANG_WARN_OBJC_IMPLICIT_RETAIN_SELF = YES;
				CLANG_WARN_OBJC_LITERAL_CONVERSION = YES;
				CLANG_WARN_OBJC_ROOT_CLASS = YES_ERROR;
				CLANG_WARN_QUOTED_INCLUDE_IN_FRAMEWORK_HEADER = YES;
				CLANG_WARN_RANGE_LOOP_ANALYSIS = YES;
				CLANG_WARN_STRICT_PROTOTYPES = YES;
				CLANG_WARN_SUSPICIOUS_MOVE = YES;
				CLANG_WARN_UNGUARDED_AVAILABILITY = YES_AGGRESSIVE;
				CLANG_WARN_UNREACHABLE_CODE = YES;
				CLANG_WARN__DUPLICATE_METHOD_MATCH = YES;
				COPY_PHASE_STRIP = NO;
				DEBUG_INFORMATION_FORMAT = dwarf;
				ENABLE_STRICT_OBJC_MSGSEND = YES;
				ENABLE_TESTABILITY = YES;
				GCC_C_LANGUAGE_STANDARD = gnu11;
				GCC_DYNAMIC_NO_PIC = NO;
				GCC_NO_COMMON_BLOCKS = YES;
				GCC_OPTIMIZATION_LEVEL = 0;
				GCC_PREPROCESSOR_DEFINITIONS = (
					"DEBUG=1",
					"$(inherited)",
				);
				GCC_WARN_64_TO_32_BIT_CONVERSION = YES;
				GCC_WARN_ABOUT_RETURN_TYPE = YES_ERROR;
				GCC_WARN_UNDECLARED_SELECTOR = YES;
				GCC_WARN_UNINITIALIZED_AUTOS = YES_AGGRESSIVE;
				GCC_WARN_UNUSED_FUNCTION = YES;
				GCC_WARN_UNUSED_VARIABLE = YES;
				IPHONEOS_DEPLOYMENT_TARGET = 16.4;
				MTL_ENABLE_DEBUG_INFO = INCLUDE_SOURCE;
				MTL_FAST_MATH = YES;
				ONLY_ACTIVE_ARCH = YES;
				SDKROOT = iphoneos;
				SWIFT_ACTIVE_COMPILATION_CONDITIONS = DEBUG;
				SWIFT_OPTIMIZATION_LEVEL = "-Onone";
			};
			name = Debug;
		};
		2615BA352A2CC9B700649D61 /* Release */ = {
			isa = XCBuildConfiguration;
			buildSettings = {
				ALWAYS_SEARCH_USER_PATHS = NO;
				CLANG_ANALYZER_LOCALIZABILITY_NONLOCALIZED = YES;
				CLANG_ANALYZER_NONNULL = YES;
				CLANG_ANALYZER_NUMBER_OBJECT_CONVERSION = YES_AGGRESSIVE;
				CLANG_CXX_LANGUAGE_STANDARD = "gnu++20";
				CLANG_ENABLE_MODULES = YES;
				CLANG_ENABLE_OBJC_ARC = YES;
				CLANG_ENABLE_OBJC_WEAK = YES;
				CLANG_WARN_BLOCK_CAPTURE_AUTORELEASING = YES;
				CLANG_WARN_BOOL_CONVERSION = YES;
				CLANG_WARN_COMMA = YES;
				CLANG_WARN_CONSTANT_CONVERSION = YES;
				CLANG_WARN_DEPRECATED_OBJC_IMPLEMENTATIONS = YES;
				CLANG_WARN_DIRECT_OBJC_ISA_USAGE = YES_ERROR;
				CLANG_WARN_DOCUMENTATION_COMMENTS = YES;
				CLANG_WARN_EMPTY_BODY = YES;
				CLANG_WARN_ENUM_CONVERSION = YES;
				CLANG_WARN_INFINITE_RECURSION = YES;
				CLANG_WARN_INT_CONVERSION = YES;
				CLANG_WARN_NON_LITERAL_NULL_CONVERSION = YES;
				CLANG_WARN_OBJC_IMPLICIT_RETAIN_SELF = YES;
				CLANG_WARN_OBJC_LITERAL_CONVERSION = YES;
				CLANG_WARN_OBJC_ROOT_CLASS = YES_ERROR;
				CLANG_WARN_QUOTED_INCLUDE_IN_FRAMEWORK_HEADER = YES;
				CLANG_WARN_RANGE_LOOP_ANALYSIS = YES;
				CLANG_WARN_STRICT_PROTOTYPES = YES;
				CLANG_WARN_SUSPICIOUS_MOVE = YES;
				CLANG_WARN_UNGUARDED_AVAILABILITY = YES_AGGRESSIVE;
				CLANG_WARN_UNREACHABLE_CODE = YES;
				CLANG_WARN__DUPLICATE_METHOD_MATCH = YES;
				COPY_PHASE_STRIP = NO;
				DEBUG_INFORMATION_FORMAT = "dwarf-with-dsym";
				ENABLE_NS_ASSERTIONS = NO;
				ENABLE_STRICT_OBJC_MSGSEND = YES;
				GCC_C_LANGUAGE_STANDARD = gnu11;
				GCC_NO_COMMON_BLOCKS = YES;
				GCC_WARN_64_TO_32_BIT_CONVERSION = YES;
				GCC_WARN_ABOUT_RETURN_TYPE = YES_ERROR;
				GCC_WARN_UNDECLARED_SELECTOR = YES;
				GCC_WARN_UNINITIALIZED_AUTOS = YES_AGGRESSIVE;
				GCC_WARN_UNUSED_FUNCTION = YES;
				GCC_WARN_UNUSED_VARIABLE = YES;
				IPHONEOS_DEPLOYMENT_TARGET = 16.4;
				MTL_ENABLE_DEBUG_INFO = NO;
				MTL_FAST_MATH = YES;
				SDKROOT = iphoneos;
				SWIFT_COMPILATION_MODE = wholemodule;
				SWIFT_OPTIMIZATION_LEVEL = "-O";
				VALIDATE_PRODUCT = YES;
			};
			name = Release;
		};
		2615BA372A2CC9B700649D61 /* Debug */ = {
			isa = XCBuildConfiguration;
			baseConfigurationReference = 73B47B21B645C8FE0510D7BD /* Pods-YourJob.debug.xcconfig */;
			buildSettings = {
				ASSETCATALOG_COMPILER_APPICON_NAME = AppIcon;
				ASSETCATALOG_COMPILER_GLOBAL_ACCENT_COLOR_NAME = AccentColor;
				CODE_SIGN_STYLE = Automatic;
				CURRENT_PROJECT_VERSION = 1;
				GENERATE_INFOPLIST_FILE = YES;
				INFOPLIST_FILE = YourJob/Info.plist;
				INFOPLIST_KEY_CFBundleDisplayName = "Your Job";
				INFOPLIST_KEY_LSApplicationCategoryType = "public.app-category.productivity";
				INFOPLIST_KEY_UIApplicationSupportsIndirectInputEvents = YES;
				INFOPLIST_KEY_UILaunchStoryboardName = LaunchScreen;
				INFOPLIST_KEY_UISupportedInterfaceOrientations = UIInterfaceOrientationPortrait;
				INFOPLIST_KEY_UISupportedInterfaceOrientations_iPad = "UIInterfaceOrientationLandscapeLeft UIInterfaceOrientationLandscapeRight UIInterfaceOrientationPortrait UIInterfaceOrientationPortraitUpsideDown";
				IPHONEOS_DEPLOYMENT_TARGET = 15.0;
				LD_RUNPATH_SEARCH_PATHS = (
					"$(inherited)",
					"@executable_path/Frameworks",
				);
				MARKETING_VERSION = 1.0;
				PRODUCT_BUNDLE_IDENTIFIER = com.home.yourjob;
				PRODUCT_NAME = "$(TARGET_NAME)";
				SWIFT_EMIT_LOC_STRINGS = YES;
				SWIFT_VERSION = 5.0;
				TARGETED_DEVICE_FAMILY = "1,2";
			};
			name = Debug;
		};
		2615BA382A2CC9B700649D61 /* Release */ = {
			isa = XCBuildConfiguration;
			baseConfigurationReference = 091E21C13C6DCE0BA571D25C /* Pods-YourJob.release.xcconfig */;
			buildSettings = {
				ASSETCATALOG_COMPILER_APPICON_NAME = AppIcon;
				ASSETCATALOG_COMPILER_GLOBAL_ACCENT_COLOR_NAME = AccentColor;
				CODE_SIGN_STYLE = Automatic;
				CURRENT_PROJECT_VERSION = 1;
				GENERATE_INFOPLIST_FILE = YES;
				INFOPLIST_FILE = YourJob/Info.plist;
				INFOPLIST_KEY_CFBundleDisplayName = "Your Job";
				INFOPLIST_KEY_LSApplicationCategoryType = "public.app-category.productivity";
				INFOPLIST_KEY_UIApplicationSupportsIndirectInputEvents = YES;
				INFOPLIST_KEY_UILaunchStoryboardName = LaunchScreen;
				INFOPLIST_KEY_UISupportedInterfaceOrientations = UIInterfaceOrientationPortrait;
				INFOPLIST_KEY_UISupportedInterfaceOrientations_iPad = "UIInterfaceOrientationLandscapeLeft UIInterfaceOrientationLandscapeRight UIInterfaceOrientationPortrait UIInterfaceOrientationPortraitUpsideDown";
				IPHONEOS_DEPLOYMENT_TARGET = 15.0;
				LD_RUNPATH_SEARCH_PATHS = (
					"$(inherited)",
					"@executable_path/Frameworks",
				);
				MARKETING_VERSION = 1.0;
				PRODUCT_BUNDLE_IDENTIFIER = com.home.yourjob;
				PRODUCT_NAME = "$(TARGET_NAME)";
				SWIFT_EMIT_LOC_STRINGS = YES;
				SWIFT_VERSION = 5.0;
				TARGETED_DEVICE_FAMILY = "1,2";
			};
			name = Release;
		};
/* End XCBuildConfiguration section */

/* Begin XCConfigurationList section */
		2615BA1D2A2CC9B500649D61 /* Build configuration list for PBXProject "YourJob" */ = {
			isa = XCConfigurationList;
			buildConfigurations = (
				2615BA342A2CC9B700649D61 /* Debug */,
				2615BA352A2CC9B700649D61 /* Release */,
			);
			defaultConfigurationIsVisible = 0;
			defaultConfigurationName = Release;
		};
		2615BA362A2CC9B700649D61 /* Build configuration list for PBXNativeTarget "YourJob" */ = {
			isa = XCConfigurationList;
			buildConfigurations = (
				2615BA372A2CC9B700649D61 /* Debug */,
				2615BA382A2CC9B700649D61 /* Release */,
			);
			defaultConfigurationIsVisible = 0;
			defaultConfigurationName = Release;
		};
/* End XCConfigurationList section */
	};
	rootObject = 2615BA1A2A2CC9B500649D61 /* Project object */;
}
