// !$*UTF8*$!
{
	archiveVersion = 1;
	classes = {
	};
	objectVersion = 56;
	objects = {

/* Begin PBXBuildFile section */
		2615BA262A2CC9B500649D61 /* AppDelegate.swift in Sources */ = {isa = PBXBuildFile; fileRef = 2615BA252A2CC9B500649D61 /* AppDelegate.swift */; };
		2615BA2F2A2CC9B700649D61 /* Assets.xcassets in Resources */ = {isa = PBXBuildFile; fileRef = 2615BA2E2A2CC9B700649D61 /* Assets.xcassets */; };
		2615BA322A2CC9B700649D61 /* LaunchScreen.storyboard in Resources */ = {isa = PBXBuildFile; fileRef = 2615BA302A2CC9B700649D61 /* LaunchScreen.storyboard */; };
		2615BA452A2CF1B600649D61 /* TestViewController.swift in Sources */ = {isa = PBXBuildFile; fileRef = 2615BA442A2CF1B600649D61 /* TestViewController.swift */; };
		2615BA502A2CF4C200649D61 /* SIL Open Font License.txt in Resources */ = {isa = PBXBuildFile; fileRef = 2615BA462A2CF4C100649D61 /* SIL Open Font License.txt */; };
		2615BA512A2CF4C200649D61 /* Montserrat-Regular.otf in Resources */ = {isa = PBXBuildFile; fileRef = 2615BA472A2CF4C100649D61 /* Montserrat-Regular.otf */; };
		2615BA522A2CF4C200649D61 /* Montserrat-Bold.otf in Resources */ = {isa = PBXBuildFile; fileRef = 2615BA482A2CF4C100649D61 /* Montserrat-Bold.otf */; };
		2615BA532A2CF4C200649D61 /* Montserrat-ExtraBold.otf in Resources */ = {isa = PBXBuildFile; fileRef = 2615BA492A2CF4C100649D61 /* Montserrat-ExtraBold.otf */; };
		2615BA542A2CF4C200649D61 /* Montserrat-Black.otf in Resources */ = {isa = PBXBuildFile; fileRef = 2615BA4A2A2CF4C100649D61 /* Montserrat-Black.otf */; };
		2615BA552A2CF4C200649D61 /* Montserrat-ExtraLight.otf in Resources */ = {isa = PBXBuildFile; fileRef = 2615BA4B2A2CF4C100649D61 /* Montserrat-ExtraLight.otf */; };
		2615BA562A2CF4C200649D61 /* Montserrat-Light.otf in Resources */ = {isa = PBXBuildFile; fileRef = 2615BA4C2A2CF4C100649D61 /* Montserrat-Light.otf */; };
		2615BA572A2CF4C200649D61 /* Montserrat-Medium.otf in Resources */ = {isa = PBXBuildFile; fileRef = 2615BA4D2A2CF4C200649D61 /* Montserrat-Medium.otf */; };
		2615BA582A2CF4C200649D61 /* Montserrat-SemiBold.otf in Resources */ = {isa = PBXBuildFile; fileRef = 2615BA4E2A2CF4C200649D61 /* Montserrat-SemiBold.otf */; };
		2615BA592A2CF4C200649D61 /* Montserrat-Thin.otf in Resources */ = {isa = PBXBuildFile; fileRef = 2615BA4F2A2CF4C200649D61 /* Montserrat-Thin.otf */; };
		2615BA5B2A2CF62600649D61 /* UIFont+Montserrat.swift in Sources */ = {isa = PBXBuildFile; fileRef = 2615BA5A2A2CF62600649D61 /* UIFont+Montserrat.swift */; };
		2615BA5D2A2CFA4D00649D61 /* AppFont.swift in Sources */ = {isa = PBXBuildFile; fileRef = 2615BA5C2A2CFA4D00649D61 /* AppFont.swift */; };
		2615BA5F2A2CFE4F00649D61 /* AppString.swift in Sources */ = {isa = PBXBuildFile; fileRef = 2615BA5E2A2CFE4F00649D61 /* AppString.swift */; };
		2615BA612A2CFEFD00649D61 /* AppColor.swift in Sources */ = {isa = PBXBuildFile; fileRef = 2615BA602A2CFEFD00649D61 /* AppColor.swift */; };
		2615BA632A2D037A00649D61 /* AppInfo.swift in Sources */ = {isa = PBXBuildFile; fileRef = 2615BA622A2D037A00649D61 /* AppInfo.swift */; };
		2615BA652A2D08AF00649D61 /* AppLog.swift in Sources */ = {isa = PBXBuildFile; fileRef = 2615BA642A2D08AF00649D61 /* AppLog.swift */; };
		2615BA672A2D09C900649D61 /* Date+ISO8601.swift in Sources */ = {isa = PBXBuildFile; fileRef = 2615BA662A2D09C900649D61 /* Date+ISO8601.swift */; };
		2615BA6B2A2D0CA400649D61 /* WelcomeViewController.swift in Sources */ = {isa = PBXBuildFile; fileRef = 2615BA6A2A2D0CA400649D61 /* WelcomeViewController.swift */; };
		2615BA6D2A2D121200649D61 /* String+Localized.swift in Sources */ = {isa = PBXBuildFile; fileRef = 2615BA6C2A2D121200649D61 /* String+Localized.swift */; };
		2615BA712A2D12DA00649D61 /* Localizable.strings in Resources */ = {isa = PBXBuildFile; fileRef = 2615BA732A2D12DA00649D61 /* Localizable.strings */; };
		26813B172A2DF04500746C74 /* AppLayout.swift in Sources */ = {isa = PBXBuildFile; fileRef = 26813B162A2DF04500746C74 /* AppLayout.swift */; };
		26C165312A2E002400568A78 /* BackgroundView.swift in Sources */ = {isa = PBXBuildFile; fileRef = 26C165302A2E002400568A78 /* BackgroundView.swift */; };
		A55E4D362A2D3D1A008CCC2F /* AppImage.swift in Sources */ = {isa = PBXBuildFile; fileRef = A55E4D352A2D3D1A008CCC2F /* AppImage.swift */; };
/* End PBXBuildFile section */

/* Begin PBXFileReference section */
		2615BA222A2CC9B500649D61 /* YourJob.app */ = {isa = PBXFileReference; explicitFileType = wrapper.application; includeInIndex = 0; path = YourJob.app; sourceTree = BUILT_PRODUCTS_DIR; };
		2615BA252A2CC9B500649D61 /* AppDelegate.swift */ = {isa = PBXFileReference; lastKnownFileType = sourcecode.swift; path = AppDelegate.swift; sourceTree = "<group>"; };
		2615BA2E2A2CC9B700649D61 /* Assets.xcassets */ = {isa = PBXFileReference; lastKnownFileType = folder.assetcatalog; path = Assets.xcassets; sourceTree = "<group>"; };
		2615BA312A2CC9B700649D61 /* Base */ = {isa = PBXFileReference; lastKnownFileType = file.storyboard; name = Base; path = Base.lproj/LaunchScreen.storyboard; sourceTree = "<group>"; };
		2615BA332A2CC9B700649D61 /* Info.plist */ = {isa = PBXFileReference; lastKnownFileType = text.plist.xml; path = Info.plist; sourceTree = "<group>"; };
		2615BA442A2CF1B600649D61 /* TestViewController.swift */ = {isa = PBXFileReference; lastKnownFileType = sourcecode.swift; path = TestViewController.swift; sourceTree = "<group>"; };
		2615BA462A2CF4C100649D61 /* SIL Open Font License.txt */ = {isa = PBXFileReference; fileEncoding = 4; lastKnownFileType = text; path = "SIL Open Font License.txt"; sourceTree = "<group>"; };
		2615BA472A2CF4C100649D61 /* Montserrat-Regular.otf */ = {isa = PBXFileReference; lastKnownFileType = file; path = "Montserrat-Regular.otf"; sourceTree = "<group>"; };
		2615BA482A2CF4C100649D61 /* Montserrat-Bold.otf */ = {isa = PBXFileReference; lastKnownFileType = file; path = "Montserrat-Bold.otf"; sourceTree = "<group>"; };
		2615BA492A2CF4C100649D61 /* Montserrat-ExtraBold.otf */ = {isa = PBXFileReference; lastKnownFileType = file; path = "Montserrat-ExtraBold.otf"; sourceTree = "<group>"; };
		2615BA4A2A2CF4C100649D61 /* Montserrat-Black.otf */ = {isa = PBXFileReference; lastKnownFileType = file; path = "Montserrat-Black.otf"; sourceTree = "<group>"; };
		2615BA4B2A2CF4C100649D61 /* Montserrat-ExtraLight.otf */ = {isa = PBXFileReference; lastKnownFileType = file; path = "Montserrat-ExtraLight.otf"; sourceTree = "<group>"; };
		2615BA4C2A2CF4C100649D61 /* Montserrat-Light.otf */ = {isa = PBXFileReference; lastKnownFileType = file; path = "Montserrat-Light.otf"; sourceTree = "<group>"; };
		2615BA4D2A2CF4C200649D61 /* Montserrat-Medium.otf */ = {isa = PBXFileReference; lastKnownFileType = file; path = "Montserrat-Medium.otf"; sourceTree = "<group>"; };
		2615BA4E2A2CF4C200649D61 /* Montserrat-SemiBold.otf */ = {isa = PBXFileReference; lastKnownFileType = file; path = "Montserrat-SemiBold.otf"; sourceTree = "<group>"; };
		2615BA4F2A2CF4C200649D61 /* Montserrat-Thin.otf */ = {isa = PBXFileReference; lastKnownFileType = file; path = "Montserrat-Thin.otf"; sourceTree = "<group>"; };
		2615BA5A2A2CF62600649D61 /* UIFont+Montserrat.swift */ = {isa = PBXFileReference; lastKnownFileType = sourcecode.swift; path = "UIFont+Montserrat.swift"; sourceTree = "<group>"; };
		2615BA5C2A2CFA4D00649D61 /* AppFont.swift */ = {isa = PBXFileReference; lastKnownFileType = sourcecode.swift; path = AppFont.swift; sourceTree = "<group>"; };
		2615BA5E2A2CFE4F00649D61 /* AppString.swift */ = {isa = PBXFileReference; lastKnownFileType = sourcecode.swift; path = AppString.swift; sourceTree = "<group>"; };
		2615BA602A2CFEFD00649D61 /* AppColor.swift */ = {isa = PBXFileReference; lastKnownFileType = sourcecode.swift; path = AppColor.swift; sourceTree = "<group>"; };
		2615BA622A2D037A00649D61 /* AppInfo.swift */ = {isa = PBXFileReference; lastKnownFileType = sourcecode.swift; path = AppInfo.swift; sourceTree = "<group>"; };
		2615BA642A2D08AF00649D61 /* AppLog.swift */ = {isa = PBXFileReference; lastKnownFileType = sourcecode.swift; path = AppLog.swift; sourceTree = "<group>"; };
		2615BA662A2D09C900649D61 /* Date+ISO8601.swift */ = {isa = PBXFileReference; lastKnownFileType = sourcecode.swift; path = "Date+ISO8601.swift"; sourceTree = "<group>"; };
		2615BA6A2A2D0CA400649D61 /* WelcomeViewController.swift */ = {isa = PBXFileReference; lastKnownFileType = sourcecode.swift; path = WelcomeViewController.swift; sourceTree = "<group>"; };
		2615BA6C2A2D121200649D61 /* String+Localized.swift */ = {isa = PBXFileReference; lastKnownFileType = sourcecode.swift; path = "String+Localized.swift"; sourceTree = "<group>"; };
		2615BA6E2A2D127500649D61 /* uk */ = {isa = PBXFileReference; lastKnownFileType = text.plist.strings; name = uk; path = uk.lproj/LaunchScreen.strings; sourceTree = "<group>"; };
		2615BA722A2D12DA00649D61 /* en */ = {isa = PBXFileReference; lastKnownFileType = text.plist.strings; name = en; path = en.lproj/Localizable.strings; sourceTree = "<group>"; };
		2615BA742A2D12DE00649D61 /* uk */ = {isa = PBXFileReference; lastKnownFileType = text.plist.strings; name = uk; path = uk.lproj/Localizable.strings; sourceTree = "<group>"; };
		26813B162A2DF04500746C74 /* AppLayout.swift */ = {isa = PBXFileReference; lastKnownFileType = sourcecode.swift; path = AppLayout.swift; sourceTree = "<group>"; };
		26C165302A2E002400568A78 /* BackgroundView.swift */ = {isa = PBXFileReference; lastKnownFileType = sourcecode.swift; path = BackgroundView.swift; sourceTree = "<group>"; };
		A55E4D352A2D3D1A008CCC2F /* AppImage.swift */ = {isa = PBXFileReference; lastKnownFileType = sourcecode.swift; path = AppImage.swift; sourceTree = "<group>"; };
/* End PBXFileReference section */

/* Begin PBXFrameworksBuildPhase section */
		2615BA1F2A2CC9B500649D61 /* Frameworks */ = {
			isa = PBXFrameworksBuildPhase;
			buildActionMask = 2147483647;
			files = (
			);
			runOnlyForDeploymentPostprocessing = 0;
		};
/* End PBXFrameworksBuildPhase section */

/* Begin PBXGroup section */
		2615BA192A2CC9B500649D61 = {
			isa = PBXGroup;
			children = (
				2615BA242A2CC9B500649D61 /* YourJob */,
				2615BA232A2CC9B500649D61 /* Products */,
			);
			sourceTree = "<group>";
		};
		2615BA232A2CC9B500649D61 /* Products */ = {
			isa = PBXGroup;
			children = (
				2615BA222A2CC9B500649D61 /* YourJob.app */,
			);
			name = Products;
			sourceTree = "<group>";
		};
		2615BA242A2CC9B500649D61 /* YourJob */ = {
			isa = PBXGroup;
			children = (
				2615BA412A2CF0F600649D61 /* Components */,
				2615BA3A2A2CF04400649D61 /* Controllers */,
				2615BA392A2CCAAC00649D61 /* Resources */,
				2615BA252A2CC9B500649D61 /* AppDelegate.swift */,
				2615BA5E2A2CFE4F00649D61 /* AppString.swift */,
				A55E4D352A2D3D1A008CCC2F /* AppImage.swift */,
				2615BA602A2CFEFD00649D61 /* AppColor.swift */,
				2615BA5C2A2CFA4D00649D61 /* AppFont.swift */,
				2615BA622A2D037A00649D61 /* AppInfo.swift */,
				2615BA642A2D08AF00649D61 /* AppLog.swift */,
				26813B162A2DF04500746C74 /* AppLayout.swift */,
				2615BA332A2CC9B700649D61 /* Info.plist */,
				2615BA402A2CF0E400649D61 /* Extensions */,
			);
			path = YourJob;
			sourceTree = "<group>";
		};
		2615BA392A2CCAAC00649D61 /* Resources */ = {
			isa = PBXGroup;
			children = (
				2615BA422A2CF15400649D61 /* Fonts */,
				2615BA302A2CC9B700649D61 /* LaunchScreen.storyboard */,
				2615BA2E2A2CC9B700649D61 /* Assets.xcassets */,
				2615BA732A2D12DA00649D61 /* Localizable.strings */,
			);
			path = Resources;
			sourceTree = "<group>";
		};
		2615BA3A2A2CF04400649D61 /* Controllers */ = {
			isa = PBXGroup;
			children = (
				2615BA432A2CF16F00649D61 /* Test */,
				2615BA3B2A2CF04D00649D61 /* Welcome */,
				2615BA3F2A2CF0A000649D61 /* SignUp */,
				2615BA3E2A2CF08C00649D61 /* LogIn */,
				2615BA3C2A2CF05F00649D61 /* Vacancy */,
				2615BA3D2A2CF06900649D61 /* Profile */,
			);
			path = Controllers;
			sourceTree = "<group>";
		};
		2615BA3B2A2CF04D00649D61 /* Welcome */ = {
			isa = PBXGroup;
			children = (
				2615BA6A2A2D0CA400649D61 /* WelcomeViewController.swift */,
			);
			path = Welcome;
			sourceTree = "<group>";
		};
		2615BA3C2A2CF05F00649D61 /* Vacancy */ = {
			isa = PBXGroup;
			children = (
			);
			path = Vacancy;
			sourceTree = "<group>";
		};
		2615BA3D2A2CF06900649D61 /* Profile */ = {
			isa = PBXGroup;
			children = (
			);
			path = Profile;
			sourceTree = "<group>";
		};
		2615BA3E2A2CF08C00649D61 /* LogIn */ = {
			isa = PBXGroup;
			children = (
			);
			path = LogIn;
			sourceTree = "<group>";
		};
		2615BA3F2A2CF0A000649D61 /* SignUp */ = {
			isa = PBXGroup;
			children = (
			);
			path = SignUp;
			sourceTree = "<group>";
		};
		2615BA402A2CF0E400649D61 /* Extensions */ = {
			isa = PBXGroup;
			children = (
				2615BA5A2A2CF62600649D61 /* UIFont+Montserrat.swift */,
				2615BA662A2D09C900649D61 /* Date+ISO8601.swift */,
				2615BA6C2A2D121200649D61 /* String+Localized.swift */,
			);
			path = Extensions;
			sourceTree = "<group>";
		};
		2615BA412A2CF0F600649D61 /* Components */ = {
			isa = PBXGroup;
			children = (
				26C165302A2E002400568A78 /* BackgroundView.swift */,
			);
			path = Components;
			sourceTree = "<group>";
		};
		2615BA422A2CF15400649D61 /* Fonts */ = {
			isa = PBXGroup;
			children = (
				2615BA4A2A2CF4C100649D61 /* Montserrat-Black.otf */,
				2615BA482A2CF4C100649D61 /* Montserrat-Bold.otf */,
				2615BA492A2CF4C100649D61 /* Montserrat-ExtraBold.otf */,
				2615BA4B2A2CF4C100649D61 /* Montserrat-ExtraLight.otf */,
				2615BA4C2A2CF4C100649D61 /* Montserrat-Light.otf */,
				2615BA4D2A2CF4C200649D61 /* Montserrat-Medium.otf */,
				2615BA472A2CF4C100649D61 /* Montserrat-Regular.otf */,
				2615BA4E2A2CF4C200649D61 /* Montserrat-SemiBold.otf */,
				2615BA4F2A2CF4C200649D61 /* Montserrat-Thin.otf */,
				2615BA462A2CF4C100649D61 /* SIL Open Font License.txt */,
			);
			path = Fonts;
			sourceTree = "<group>";
		};
		2615BA432A2CF16F00649D61 /* Test */ = {
			isa = PBXGroup;
			children = (
				2615BA442A2CF1B600649D61 /* TestViewController.swift */,
			);
			path = Test;
			sourceTree = "<group>";
		};
/* End PBXGroup section */

/* Begin PBXNativeTarget section */
		2615BA212A2CC9B500649D61 /* YourJob */ = {
			isa = PBXNativeTarget;
			buildConfigurationList = 2615BA362A2CC9B700649D61 /* Build configuration list for PBXNativeTarget "YourJob" */;
			buildPhases = (
				2615BA1E2A2CC9B500649D61 /* Sources */,
				2615BA1F2A2CC9B500649D61 /* Frameworks */,
				2615BA202A2CC9B500649D61 /* Resources */,
			);
			buildRules = (
			);
			dependencies = (
			);
			name = YourJob;
			productName = YourJob;
			productReference = 2615BA222A2CC9B500649D61 /* YourJob.app */;
			productType = "com.apple.product-type.application";
		};
/* End PBXNativeTarget section */

/* Begin PBXProject section */
		2615BA1A2A2CC9B500649D61 /* Project object */ = {
			isa = PBXProject;
			attributes = {
				BuildIndependentTargetsInParallel = 1;
				LastSwiftUpdateCheck = 1430;
				LastUpgradeCheck = 1430;
				ORGANIZATIONNAME = Home;
				TargetAttributes = {
					2615BA212A2CC9B500649D61 = {
						CreatedOnToolsVersion = 14.3;
					};
				};
			};
			buildConfigurationList = 2615BA1D2A2CC9B500649D61 /* Build configuration list for PBXProject "YourJob" */;
			compatibilityVersion = "Xcode 14.0";
			developmentRegion = en;
			hasScannedForEncodings = 0;
			knownRegions = (
				en,
				Base,
				uk,
			);
			mainGroup = 2615BA192A2CC9B500649D61;
			productRefGroup = 2615BA232A2CC9B500649D61 /* Products */;
			projectDirPath = "";
			projectRoot = "";
			targets = (
				2615BA212A2CC9B500649D61 /* YourJob */,
			);
		};
/* End PBXProject section */

/* Begin PBXResourcesBuildPhase section */
		2615BA202A2CC9B500649D61 /* Resources */ = {
			isa = PBXResourcesBuildPhase;
			buildActionMask = 2147483647;
			files = (
				2615BA552A2CF4C200649D61 /* Montserrat-ExtraLight.otf in Resources */,
				2615BA592A2CF4C200649D61 /* Montserrat-Thin.otf in Resources */,
				2615BA572A2CF4C200649D61 /* Montserrat-Medium.otf in Resources */,
				2615BA532A2CF4C200649D61 /* Montserrat-ExtraBold.otf in Resources */,
				2615BA522A2CF4C200649D61 /* Montserrat-Bold.otf in Resources */,
				2615BA502A2CF4C200649D61 /* SIL Open Font License.txt in Resources */,
				2615BA322A2CC9B700649D61 /* LaunchScreen.storyboard in Resources */,
				2615BA2F2A2CC9B700649D61 /* Assets.xcassets in Resources */,
				2615BA582A2CF4C200649D61 /* Montserrat-SemiBold.otf in Resources */,
				2615BA712A2D12DA00649D61 /* Localizable.strings in Resources */,
				2615BA512A2CF4C200649D61 /* Montserrat-Regular.otf in Resources */,
				2615BA542A2CF4C200649D61 /* Montserrat-Black.otf in Resources */,
				2615BA562A2CF4C200649D61 /* Montserrat-Light.otf in Resources */,
			);
			runOnlyForDeploymentPostprocessing = 0;
		};
/* End PBXResourcesBuildPhase section */

/* Begin PBXSourcesBuildPhase section */
		2615BA1E2A2CC9B500649D61 /* Sources */ = {
			isa = PBXSourcesBuildPhase;
			buildActionMask = 2147483647;
			files = (
				2615BA5D2A2CFA4D00649D61 /* AppFont.swift in Sources */,
				2615BA6B2A2D0CA400649D61 /* WelcomeViewController.swift in Sources */,
				26813B172A2DF04500746C74 /* AppLayout.swift in Sources */,
				2615BA5F2A2CFE4F00649D61 /* AppString.swift in Sources */,
				2615BA652A2D08AF00649D61 /* AppLog.swift in Sources */,
				2615BA5B2A2CF62600649D61 /* UIFont+Montserrat.swift in Sources */,
				A55E4D362A2D3D1A008CCC2F /* AppImage.swift in Sources */,
				2615BA672A2D09C900649D61 /* Date+ISO8601.swift in Sources */,
				2615BA452A2CF1B600649D61 /* TestViewController.swift in Sources */,
				2615BA262A2CC9B500649D61 /* AppDelegate.swift in Sources */,
				26C165312A2E002400568A78 /* BackgroundView.swift in Sources */,
				2615BA612A2CFEFD00649D61 /* AppColor.swift in Sources */,
				2615BA6D2A2D121200649D61 /* String+Localized.swift in Sources */,
				2615BA632A2D037A00649D61 /* AppInfo.swift in Sources */,
			);
			runOnlyForDeploymentPostprocessing = 0;
		};
/* End PBXSourcesBuildPhase section */

/* Begin PBXVariantGroup section */
		2615BA302A2CC9B700649D61 /* LaunchScreen.storyboard */ = {
			isa = PBXVariantGroup;
			children = (
				2615BA312A2CC9B700649D61 /* Base */,
				2615BA6E2A2D127500649D61 /* uk */,
			);
			name = LaunchScreen.storyboard;
			sourceTree = "<group>";
		};
		2615BA732A2D12DA00649D61 /* Localizable.strings */ = {
			isa = PBXVariantGroup;
			children = (
				2615BA722A2D12DA00649D61 /* en */,
				2615BA742A2D12DE00649D61 /* uk */,
			);
			name = Localizable.strings;
			sourceTree = "<group>";
		};
/* End PBXVariantGroup section */

/* Begin XCBuildConfiguration section */
		2615BA342A2CC9B700649D61 /* Debug */ = {
			isa = XCBuildConfiguration;
			buildSettings = {
				ALWAYS_SEARCH_USER_PATHS = NO;
				CLANG_ANALYZER_LOCALIZABILITY_NONLOCALIZED = YES;
				CLANG_ANALYZER_NONNULL = YES;
				CLANG_ANALYZER_NUMBER_OBJECT_CONVERSION = YES_AGGRESSIVE;
				CLANG_CXX_LANGUAGE_STANDARD = "gnu++20";
				CLANG_ENABLE_MODULES = YES;
				CLANG_ENABLE_OBJC_ARC = YES;
				CLANG_ENABLE_OBJC_WEAK = YES;
				CLANG_WARN_BLOCK_CAPTURE_AUTORELEASING = YES;
				CLANG_WARN_BOOL_CONVERSION = YES;
				CLANG_WARN_COMMA = YES;
				CLANG_WARN_CONSTANT_CONVERSION = YES;
				CLANG_WARN_DEPRECATED_OBJC_IMPLEMENTATIONS = YES;
				CLANG_WARN_DIRECT_OBJC_ISA_USAGE = YES_ERROR;
				CLANG_WARN_DOCUMENTATION_COMMENTS = YES;
				CLANG_WARN_EMPTY_BODY = YES;
				CLANG_WARN_ENUM_CONVERSION = YES;
				CLANG_WARN_INFINITE_RECURSION = YES;
				CLANG_WARN_INT_CONVERSION = YES;
				CLANG_WARN_NON_LITERAL_NULL_CONVERSION = YES;
				CLANG_WARN_OBJC_IMPLICIT_RETAIN_SELF = YES;
				CLANG_WARN_OBJC_LITERAL_CONVERSION = YES;
				CLANG_WARN_OBJC_ROOT_CLASS = YES_ERROR;
				CLANG_WARN_QUOTED_INCLUDE_IN_FRAMEWORK_HEADER = YES;
				CLANG_WARN_RANGE_LOOP_ANALYSIS = YES;
				CLANG_WARN_STRICT_PROTOTYPES = YES;
				CLANG_WARN_SUSPICIOUS_MOVE = YES;
				CLANG_WARN_UNGUARDED_AVAILABILITY = YES_AGGRESSIVE;
				CLANG_WARN_UNREACHABLE_CODE = YES;
				CLANG_WARN__DUPLICATE_METHOD_MATCH = YES;
				COPY_PHASE_STRIP = NO;
				DEBUG_INFORMATION_FORMAT = dwarf;
				ENABLE_STRICT_OBJC_MSGSEND = YES;
				ENABLE_TESTABILITY = YES;
				GCC_C_LANGUAGE_STANDARD = gnu11;
				GCC_DYNAMIC_NO_PIC = NO;
				GCC_NO_COMMON_BLOCKS = YES;
				GCC_OPTIMIZATION_LEVEL = 0;
				GCC_PREPROCESSOR_DEFINITIONS = (
					"DEBUG=1",
					"$(inherited)",
				);
				GCC_WARN_64_TO_32_BIT_CONVERSION = YES;
				GCC_WARN_ABOUT_RETURN_TYPE = YES_ERROR;
				GCC_WARN_UNDECLARED_SELECTOR = YES;
				GCC_WARN_UNINITIALIZED_AUTOS = YES_AGGRESSIVE;
				GCC_WARN_UNUSED_FUNCTION = YES;
				GCC_WARN_UNUSED_VARIABLE = YES;
				IPHONEOS_DEPLOYMENT_TARGET = 16.4;
				MTL_ENABLE_DEBUG_INFO = INCLUDE_SOURCE;
				MTL_FAST_MATH = YES;
				ONLY_ACTIVE_ARCH = YES;
				SDKROOT = iphoneos;
				SWIFT_ACTIVE_COMPILATION_CONDITIONS = DEBUG;
				SWIFT_OPTIMIZATION_LEVEL = "-Onone";
			};
			name = Debug;
		};
		2615BA352A2CC9B700649D61 /* Release */ = {
			isa = XCBuildConfiguration;
			buildSettings = {
				ALWAYS_SEARCH_USER_PATHS = NO;
				CLANG_ANALYZER_LOCALIZABILITY_NONLOCALIZED = YES;
				CLANG_ANALYZER_NONNULL = YES;
				CLANG_ANALYZER_NUMBER_OBJECT_CONVERSION = YES_AGGRESSIVE;
				CLANG_CXX_LANGUAGE_STANDARD = "gnu++20";
				CLANG_ENABLE_MODULES = YES;
				CLANG_ENABLE_OBJC_ARC = YES;
				CLANG_ENABLE_OBJC_WEAK = YES;
				CLANG_WARN_BLOCK_CAPTURE_AUTORELEASING = YES;
				CLANG_WARN_BOOL_CONVERSION = YES;
				CLANG_WARN_COMMA = YES;
				CLANG_WARN_CONSTANT_CONVERSION = YES;
				CLANG_WARN_DEPRECATED_OBJC_IMPLEMENTATIONS = YES;
				CLANG_WARN_DIRECT_OBJC_ISA_USAGE = YES_ERROR;
				CLANG_WARN_DOCUMENTATION_COMMENTS = YES;
				CLANG_WARN_EMPTY_BODY = YES;
				CLANG_WARN_ENUM_CONVERSION = YES;
				CLANG_WARN_INFINITE_RECURSION = YES;
				CLANG_WARN_INT_CONVERSION = YES;
				CLANG_WARN_NON_LITERAL_NULL_CONVERSION = YES;
				CLANG_WARN_OBJC_IMPLICIT_RETAIN_SELF = YES;
				CLANG_WARN_OBJC_LITERAL_CONVERSION = YES;
				CLANG_WARN_OBJC_ROOT_CLASS = YES_ERROR;
				CLANG_WARN_QUOTED_INCLUDE_IN_FRAMEWORK_HEADER = YES;
				CLANG_WARN_RANGE_LOOP_ANALYSIS = YES;
				CLANG_WARN_STRICT_PROTOTYPES = YES;
				CLANG_WARN_SUSPICIOUS_MOVE = YES;
				CLANG_WARN_UNGUARDED_AVAILABILITY = YES_AGGRESSIVE;
				CLANG_WARN_UNREACHABLE_CODE = YES;
				CLANG_WARN__DUPLICATE_METHOD_MATCH = YES;
				COPY_PHASE_STRIP = NO;
				DEBUG_INFORMATION_FORMAT = "dwarf-with-dsym";
				ENABLE_NS_ASSERTIONS = NO;
				ENABLE_STRICT_OBJC_MSGSEND = YES;
				GCC_C_LANGUAGE_STANDARD = gnu11;
				GCC_NO_COMMON_BLOCKS = YES;
				GCC_WARN_64_TO_32_BIT_CONVERSION = YES;
				GCC_WARN_ABOUT_RETURN_TYPE = YES_ERROR;
				GCC_WARN_UNDECLARED_SELECTOR = YES;
				GCC_WARN_UNINITIALIZED_AUTOS = YES_AGGRESSIVE;
				GCC_WARN_UNUSED_FUNCTION = YES;
				GCC_WARN_UNUSED_VARIABLE = YES;
				IPHONEOS_DEPLOYMENT_TARGET = 16.4;
				MTL_ENABLE_DEBUG_INFO = NO;
				MTL_FAST_MATH = YES;
				SDKROOT = iphoneos;
				SWIFT_COMPILATION_MODE = wholemodule;
				SWIFT_OPTIMIZATION_LEVEL = "-O";
				VALIDATE_PRODUCT = YES;
			};
			name = Release;
		};
		2615BA372A2CC9B700649D61 /* Debug */ = {
			isa = XCBuildConfiguration;
			buildSettings = {
				ASSETCATALOG_COMPILER_APPICON_NAME = AppIcon;
				ASSETCATALOG_COMPILER_GLOBAL_ACCENT_COLOR_NAME = AccentColor;
				CODE_SIGN_STYLE = Automatic;
				CURRENT_PROJECT_VERSION = 1;
				GENERATE_INFOPLIST_FILE = YES;
				INFOPLIST_FILE = YourJob/Info.plist;
				INFOPLIST_KEY_CFBundleDisplayName = "Your Job";
				INFOPLIST_KEY_LSApplicationCategoryType = "public.app-category.productivity";
				INFOPLIST_KEY_UIApplicationSupportsIndirectInputEvents = YES;
				INFOPLIST_KEY_UILaunchStoryboardName = LaunchScreen;
				INFOPLIST_KEY_UISupportedInterfaceOrientations = UIInterfaceOrientationPortrait;
				INFOPLIST_KEY_UISupportedInterfaceOrientations_iPad = "UIInterfaceOrientationLandscapeLeft UIInterfaceOrientationLandscapeRight UIInterfaceOrientationPortrait UIInterfaceOrientationPortraitUpsideDown";
				IPHONEOS_DEPLOYMENT_TARGET = 15.0;
				LD_RUNPATH_SEARCH_PATHS = (
					"$(inherited)",
					"@executable_path/Frameworks",
				);
				MARKETING_VERSION = 1.0;
				PRODUCT_BUNDLE_IDENTIFIER = com.home.yourjob;
				PRODUCT_NAME = "$(TARGET_NAME)";
				SWIFT_EMIT_LOC_STRINGS = YES;
				SWIFT_VERSION = 5.0;
				TARGETED_DEVICE_FAMILY = "1,2";
			};
			name = Debug;
		};
		2615BA382A2CC9B700649D61 /* Release */ = {
			isa = XCBuildConfiguration;
			buildSettings = {
				ASSETCATALOG_COMPILER_APPICON_NAME = AppIcon;
				ASSETCATALOG_COMPILER_GLOBAL_ACCENT_COLOR_NAME = AccentColor;
				CODE_SIGN_STYLE = Automatic;
				CURRENT_PROJECT_VERSION = 1;
				GENERATE_INFOPLIST_FILE = YES;
				INFOPLIST_FILE = YourJob/Info.plist;
				INFOPLIST_KEY_CFBundleDisplayName = "Your Job";
				INFOPLIST_KEY_LSApplicationCategoryType = "public.app-category.productivity";
				INFOPLIST_KEY_UIApplicationSupportsIndirectInputEvents = YES;
				INFOPLIST_KEY_UILaunchStoryboardName = LaunchScreen;
				INFOPLIST_KEY_UISupportedInterfaceOrientations = UIInterfaceOrientationPortrait;
				INFOPLIST_KEY_UISupportedInterfaceOrientations_iPad = "UIInterfaceOrientationLandscapeLeft UIInterfaceOrientationLandscapeRight UIInterfaceOrientationPortrait UIInterfaceOrientationPortraitUpsideDown";
				IPHONEOS_DEPLOYMENT_TARGET = 15.0;
				LD_RUNPATH_SEARCH_PATHS = (
					"$(inherited)",
					"@executable_path/Frameworks",
				);
				MARKETING_VERSION = 1.0;
				PRODUCT_BUNDLE_IDENTIFIER = com.home.yourjob;
				PRODUCT_NAME = "$(TARGET_NAME)";
				SWIFT_EMIT_LOC_STRINGS = YES;
				SWIFT_VERSION = 5.0;
				TARGETED_DEVICE_FAMILY = "1,2";
			};
			name = Release;
		};
/* End XCBuildConfiguration section */

/* Begin XCConfigurationList section */
		2615BA1D2A2CC9B500649D61 /* Build configuration list for PBXProject "YourJob" */ = {
			isa = XCConfigurationList;
			buildConfigurations = (
				2615BA342A2CC9B700649D61 /* Debug */,
				2615BA352A2CC9B700649D61 /* Release */,
			);
			defaultConfigurationIsVisible = 0;
			defaultConfigurationName = Release;
		};
		2615BA362A2CC9B700649D61 /* Build configuration list for PBXNativeTarget "YourJob" */ = {
			isa = XCConfigurationList;
			buildConfigurations = (
				2615BA372A2CC9B700649D61 /* Debug */,
				2615BA382A2CC9B700649D61 /* Release */,
			);
			defaultConfigurationIsVisible = 0;
			defaultConfigurationName = Release;
		};
/* End XCConfigurationList section */
	};
	rootObject = 2615BA1A2A2CC9B500649D61 /* Project object */;
}
